// !$*UTF8*$!
{
	archiveVersion = 1;
	classes = {
	};
	objectVersion = 46;
	objects = {

/* Begin PBXBuildFile section */
		4A10B5CC9EA430874B6E07D3 /* libPods.a in Frameworks */ = {isa = PBXBuildFile; fileRef = 2B008C26A0DC6A7E1AB33E83 /* libPods.a */; };
		56F200801BE8302400E904B0 /* cash@2x.png in Resources */ = {isa = PBXBuildFile; fileRef = 56F2005F1BE8302400E904B0 /* cash@2x.png */; };
		56F200811BE8302400E904B0 /* human_nums@2x.png in Resources */ = {isa = PBXBuildFile; fileRef = 56F200601BE8302400E904B0 /* human_nums@2x.png */; };
		56F200821BE8302400E904B0 /* look@2x.png in Resources */ = {isa = PBXBuildFile; fileRef = 56F200611BE8302400E904B0 /* look@2x.png */; };
		56F200831BE8302400E904B0 /* look_cash@2x.png in Resources */ = {isa = PBXBuildFile; fileRef = 56F200621BE8302400E904B0 /* look_cash@2x.png */; };
		56F200841BE8302400E904B0 /* look_team@2x.png in Resources */ = {isa = PBXBuildFile; fileRef = 56F200631BE8302400E904B0 /* look_team@2x.png */; };
		56F200851BE8302400E904B0 /* my_method@2x.png in Resources */ = {isa = PBXBuildFile; fileRef = 56F200641BE8302400E904B0 /* my_method@2x.png */; };
		56F200861BE8302400E904B0 /* my_project@2x.png in Resources */ = {isa = PBXBuildFile; fileRef = 56F200651BE8302400E904B0 /* my_project@2x.png */; };
		56F200871BE8302400E904B0 /* my_work@2x.png in Resources */ = {isa = PBXBuildFile; fileRef = 56F200661BE8302400E904B0 /* my_work@2x.png */; };
		56F200881BE8302400E904B0 /* relation_data@2x.png in Resources */ = {isa = PBXBuildFile; fileRef = 56F200671BE8302400E904B0 /* relation_data@2x.png */; };
		56F200891BE8302400E904B0 /* relation_post@2x.png in Resources */ = {isa = PBXBuildFile; fileRef = 56F200681BE8302400E904B0 /* relation_post@2x.png */; };
		56F2008A1BE8302400E904B0 /* relation_project@2x.png in Resources */ = {isa = PBXBuildFile; fileRef = 56F200691BE8302400E904B0 /* relation_project@2x.png */; };
		56F2008B1BE8302400E904B0 /* right_arrows@2x.png in Resources */ = {isa = PBXBuildFile; fileRef = 56F2006A1BE8302400E904B0 /* right_arrows@2x.png */; };
		56F2008C1BE8302400E904B0 /* study@2x.png in Resources */ = {isa = PBXBuildFile; fileRef = 56F2006B1BE8302400E904B0 /* study@2x.png */; };
		56F2008D1BE8302400E904B0 /* team@2x.png in Resources */ = {isa = PBXBuildFile; fileRef = 56F2006C1BE8302400E904B0 /* team@2x.png */; };
		56F2008E1BE8302400E904B0 /* type@2x.png in Resources */ = {isa = PBXBuildFile; fileRef = 56F2006D1BE8302400E904B0 /* type@2x.png */; };
		56F2008F1BE8302400E904B0 /* work_history@2x.png in Resources */ = {isa = PBXBuildFile; fileRef = 56F2006E1BE8302400E904B0 /* work_history@2x.png */; };
		56F200901BE8302400E904B0 /* cash@3x.png in Resources */ = {isa = PBXBuildFile; fileRef = 56F200701BE8302400E904B0 /* cash@3x.png */; };
		56F200911BE8302400E904B0 /* human_nums@3x.png in Resources */ = {isa = PBXBuildFile; fileRef = 56F200711BE8302400E904B0 /* human_nums@3x.png */; };
		56F200921BE8302400E904B0 /* look@3x.png in Resources */ = {isa = PBXBuildFile; fileRef = 56F200721BE8302400E904B0 /* look@3x.png */; };
		56F200931BE8302400E904B0 /* look_cash@3x.png in Resources */ = {isa = PBXBuildFile; fileRef = 56F200731BE8302400E904B0 /* look_cash@3x.png */; };
		56F200941BE8302400E904B0 /* look_team@3x.png in Resources */ = {isa = PBXBuildFile; fileRef = 56F200741BE8302400E904B0 /* look_team@3x.png */; };
		56F200951BE8302400E904B0 /* my_method@3x.png in Resources */ = {isa = PBXBuildFile; fileRef = 56F200751BE8302400E904B0 /* my_method@3x.png */; };
		56F200961BE8302400E904B0 /* my_project@3x.png in Resources */ = {isa = PBXBuildFile; fileRef = 56F200761BE8302400E904B0 /* my_project@3x.png */; };
		56F200971BE8302400E904B0 /* my_work@3x.png in Resources */ = {isa = PBXBuildFile; fileRef = 56F200771BE8302400E904B0 /* my_work@3x.png */; };
		56F200981BE8302400E904B0 /* relation_data@3x.png in Resources */ = {isa = PBXBuildFile; fileRef = 56F200781BE8302400E904B0 /* relation_data@3x.png */; };
		56F200991BE8302400E904B0 /* relation_post@3x.png in Resources */ = {isa = PBXBuildFile; fileRef = 56F200791BE8302400E904B0 /* relation_post@3x.png */; };
		56F2009A1BE8302400E904B0 /* relation_project@3x.png in Resources */ = {isa = PBXBuildFile; fileRef = 56F2007A1BE8302400E904B0 /* relation_project@3x.png */; };
		56F2009B1BE8302400E904B0 /* right_arrows@3x.png in Resources */ = {isa = PBXBuildFile; fileRef = 56F2007B1BE8302400E904B0 /* right_arrows@3x.png */; };
		56F2009C1BE8302400E904B0 /* study@3x.png in Resources */ = {isa = PBXBuildFile; fileRef = 56F2007C1BE8302400E904B0 /* study@3x.png */; };
		56F2009D1BE8302400E904B0 /* team@3x.png in Resources */ = {isa = PBXBuildFile; fileRef = 56F2007D1BE8302400E904B0 /* team@3x.png */; };
		56F2009E1BE8302400E904B0 /* type@3x.png in Resources */ = {isa = PBXBuildFile; fileRef = 56F2007E1BE8302400E904B0 /* type@3x.png */; };
		56F2009F1BE8302400E904B0 /* work_history@3x.png in Resources */ = {isa = PBXBuildFile; fileRef = 56F2007F1BE8302400E904B0 /* work_history@3x.png */; };
		56F200A31BE831D200E904B0 /* YWFunctionViewController.m in Sources */ = {isa = PBXBuildFile; fileRef = 56F200A21BE831D200E904B0 /* YWFunctionViewController.m */; };
		56F46E2F1BF16943007D9F43 /* cang@3x.png in Resources */ = {isa = PBXBuildFile; fileRef = 56F46E241BF16943007D9F43 /* cang@3x.png */; };
		56F46E301BF16943007D9F43 /* hu@3x.png in Resources */ = {isa = PBXBuildFile; fileRef = 56F46E251BF16943007D9F43 /* hu@3x.png */; };
		56F46E311BF16943007D9F43 /* human1@3x.png in Resources */ = {isa = PBXBuildFile; fileRef = 56F46E261BF16943007D9F43 /* human1@3x.png */; };
		56F46E321BF16943007D9F43 /* human2@3x.png in Resources */ = {isa = PBXBuildFile; fileRef = 56F46E271BF16943007D9F43 /* human2@3x.png */; };
		56F46E331BF16943007D9F43 /* human3@3x.png in Resources */ = {isa = PBXBuildFile; fileRef = 56F46E281BF16943007D9F43 /* human3@3x.png */; };
		56F46E341BF16943007D9F43 /* human4@3x.png in Resources */ = {isa = PBXBuildFile; fileRef = 56F46E291BF16943007D9F43 /* human4@3x.png */; };
		56F46E351BF16943007D9F43 /* nv@3x.png in Resources */ = {isa = PBXBuildFile; fileRef = 56F46E2A1BF16943007D9F43 /* nv@3x.png */; };
		56F46E361BF16943007D9F43 /* sheng@3x.png in Resources */ = {isa = PBXBuildFile; fileRef = 56F46E2B1BF16943007D9F43 /* sheng@3x.png */; };
		56F46E371BF16943007D9F43 /* tao@3x.png in Resources */ = {isa = PBXBuildFile; fileRef = 56F46E2C1BF16943007D9F43 /* tao@3x.png */; };
		56F46E381BF16943007D9F43 /* wei@3x.png in Resources */ = {isa = PBXBuildFile; fileRef = 56F46E2D1BF16943007D9F43 /* wei@3x.png */; };
		56F46E391BF16943007D9F43 /* you@3x.png in Resources */ = {isa = PBXBuildFile; fileRef = 56F46E2E1BF16943007D9F43 /* you@3x.png */; };
		56F46E3F1BF16C89007D9F43 /* my_medial@3x.png in Resources */ = {isa = PBXBuildFile; fileRef = 56F46E3C1BF16C89007D9F43 /* my_medial@3x.png */; };
		56F46E401BF16C89007D9F43 /* my_project@3x.png in Resources */ = {isa = PBXBuildFile; fileRef = 56F46E3D1BF16C89007D9F43 /* my_project@3x.png */; };
		56F46E411BF16C89007D9F43 /* my_teizi@3x.png in Resources */ = {isa = PBXBuildFile; fileRef = 56F46E3E1BF16C89007D9F43 /* my_teizi@3x.png */; };
		56F46E431BF16CCB007D9F43 /* right_w@2x.png in Resources */ = {isa = PBXBuildFile; fileRef = 56F46E421BF16CCB007D9F43 /* right_w@2x.png */; };
		56FC24FE1BF0171900D38512 /* hu@2x.png in Resources */ = {isa = PBXBuildFile; fileRef = 56FC24FD1BF0171900D38512 /* hu@2x.png */; };
		56FC253F1BF0183000D38512 /* you@2x.png in Resources */ = {isa = PBXBuildFile; fileRef = 56FC253E1BF0183000D38512 /* you@2x.png */; };
		56FC25411BF0190200D38512 /* nv@2x.png in Resources */ = {isa = PBXBuildFile; fileRef = 56FC25401BF0190200D38512 /* nv@2x.png */; };
		56FC25451BF0199700D38512 /* sheng@2x.png in Resources */ = {isa = PBXBuildFile; fileRef = 56FC25441BF0199700D38512 /* sheng@2x.png */; };
		56FC25471BF019DF00D38512 /* tao@2x.png in Resources */ = {isa = PBXBuildFile; fileRef = 56FC25461BF019DF00D38512 /* tao@2x.png */; };
		56FC25491BF01A2D00D38512 /* wei@2x.png in Resources */ = {isa = PBXBuildFile; fileRef = 56FC25481BF01A2D00D38512 /* wei@2x.png */; };
		56FC254B1BF01A5300D38512 /* cang@2x.png in Resources */ = {isa = PBXBuildFile; fileRef = 56FC254A1BF01A5300D38512 /* cang@2x.png */; };
		56FC25501BF01AFD00D38512 /* human1@2x.png in Resources */ = {isa = PBXBuildFile; fileRef = 56FC254C1BF01AFD00D38512 /* human1@2x.png */; };
		56FC25511BF01AFD00D38512 /* human2@2x.png in Resources */ = {isa = PBXBuildFile; fileRef = 56FC254D1BF01AFD00D38512 /* human2@2x.png */; };
		56FC25521BF01AFD00D38512 /* human3@2x.png in Resources */ = {isa = PBXBuildFile; fileRef = 56FC254E1BF01AFD00D38512 /* human3@2x.png */; };
		56FC25531BF01AFD00D38512 /* human4@2x.png in Resources */ = {isa = PBXBuildFile; fileRef = 56FC254F1BF01AFD00D38512 /* human4@2x.png */; };
		56FC25571BF01E3100D38512 /* my_medial@2x.png in Resources */ = {isa = PBXBuildFile; fileRef = 56FC25541BF01E3100D38512 /* my_medial@2x.png */; };
		56FC25581BF01E3100D38512 /* my_project@2x.png in Resources */ = {isa = PBXBuildFile; fileRef = 56FC25551BF01E3100D38512 /* my_project@2x.png */; };
		56FC25591BF01E3100D38512 /* my_teizi@2x.png in Resources */ = {isa = PBXBuildFile; fileRef = 56FC25561BF01E3100D38512 /* my_teizi@2x.png */; };
		56FC255B1BF01F4C00D38512 /* avator.png in Resources */ = {isa = PBXBuildFile; fileRef = 56FC255A1BF01F4C00D38512 /* avator.png */; };
		778D92611BDCE89600D47DB3 /* YWMyFirsrtCollectionViewCell.m in Sources */ = {isa = PBXBuildFile; fileRef = 778D92601BDCE89600D47DB3 /* YWMyFirsrtCollectionViewCell.m */; };
		778D92641BDCFA6A00D47DB3 /* YWMySecondCollectionViewCell.m in Sources */ = {isa = PBXBuildFile; fileRef = 778D92631BDCFA6A00D47DB3 /* YWMySecondCollectionViewCell.m */; };
		778D92671BDCFD8600D47DB3 /* YWHumanCateView.m in Sources */ = {isa = PBXBuildFile; fileRef = 778D92661BDCFD8600D47DB3 /* YWHumanCateView.m */; };
		778D926A1BDD035600D47DB3 /* YWSubjectSecondCollectionViewCell.m in Sources */ = {isa = PBXBuildFile; fileRef = 778D92691BDD035600D47DB3 /* YWSubjectSecondCollectionViewCell.m */; };
		778D926D1BDD03E200D47DB3 /* YWSubjectSecondTableViewCell.m in Sources */ = {isa = PBXBuildFile; fileRef = 778D926C1BDD03E200D47DB3 /* YWSubjectSecondTableViewCell.m */; };
		778D92711BDD2F5E00D47DB3 /* YWSubjectDetailViewController.m in Sources */ = {isa = PBXBuildFile; fileRef = 778D92701BDD2F5E00D47DB3 /* YWSubjectDetailViewController.m */; };
		779E081F1BDBD87A007ED052 /* main.m in Sources */ = {isa = PBXBuildFile; fileRef = 779E081E1BDBD87A007ED052 /* main.m */; };
		779E08221BDBD87A007ED052 /* AppDelegate.m in Sources */ = {isa = PBXBuildFile; fileRef = 779E08211BDBD87A007ED052 /* AppDelegate.m */; };
		779E082A1BDBD87A007ED052 /* Assets.xcassets in Resources */ = {isa = PBXBuildFile; fileRef = 779E08291BDBD87A007ED052 /* Assets.xcassets */; };
		779E082D1BDBD87A007ED052 /* LaunchScreen.storyboard in Resources */ = {isa = PBXBuildFile; fileRef = 779E082B1BDBD87A007ED052 /* LaunchScreen.storyboard */; };
		779E08381BDBD87A007ED052 /* ChongYipStreetTests.m in Sources */ = {isa = PBXBuildFile; fileRef = 779E08371BDBD87A007ED052 /* ChongYipStreetTests.m */; };
		779E08431BDBD87A007ED052 /* ChongYipStreetUITests.m in Sources */ = {isa = PBXBuildFile; fileRef = 779E08421BDBD87A007ED052 /* ChongYipStreetUITests.m */; };
		779E08621BDBD998007ED052 /* YWCommendViewController.m in Sources */ = {isa = PBXBuildFile; fileRef = 779E08611BDBD998007ED052 /* YWCommendViewController.m */; };
		779E08651BDBD9DA007ED052 /* YWTribuneViewController.m in Sources */ = {isa = PBXBuildFile; fileRef = 779E08641BDBD9DA007ED052 /* YWTribuneViewController.m */; };
		779E08681BDBDA13007ED052 /* YWSubjectViewController.m in Sources */ = {isa = PBXBuildFile; fileRef = 779E08671BDBDA13007ED052 /* YWSubjectViewController.m */; };
		779E086B1BDBDA20007ED052 /* YWMineViewController.m in Sources */ = {isa = PBXBuildFile; fileRef = 779E086A1BDBDA20007ED052 /* YWMineViewController.m */; };
		779E086F1BDBDB91007ED052 /* YWParser.m in Sources */ = {isa = PBXBuildFile; fileRef = 779E086E1BDBDB91007ED052 /* YWParser.m */; };
		779E08721BDBDBB3007ED052 /* YWHttpManager.m in Sources */ = {isa = PBXBuildFile; fileRef = 779E08711BDBDBB3007ED052 /* YWHttpManager.m */; };
		779E08751BDBDBC7007ED052 /* YWDataBaseManager.m in Sources */ = {isa = PBXBuildFile; fileRef = 779E08741BDBDBC7007ED052 /* YWDataBaseManager.m */; };
		779E08781BDBE5D5007ED052 /* YWCustomSegView.m in Sources */ = {isa = PBXBuildFile; fileRef = 779E08771BDBE5D5007ED052 /* YWCustomSegView.m */; };
		779F4AAF1BE5DFCB004ADCFC /* dxs@3x.png in Resources */ = {isa = PBXBuildFile; fileRef = 779F4AA11BE5DFCB004ADCFC /* dxs@3x.png */; };
		779F4AB01BE5DFCB004ADCFC /* geng@3x.png in Resources */ = {isa = PBXBuildFile; fileRef = 779F4AA21BE5DFCB004ADCFC /* geng@3x.png */; };
		779F4AB11BE5DFCB004ADCFC /* hhr@3x.png in Resources */ = {isa = PBXBuildFile; fileRef = 779F4AA31BE5DFCB004ADCFC /* hhr@3x.png */; };
		779F4AB51BE5DFCB004ADCFC /* shqn@3x.png in Resources */ = {isa = PBXBuildFile; fileRef = 779F4AA71BE5DFCB004ADCFC /* shqn@3x.png */; };
		779F4AB61BE5DFCB004ADCFC /* shr@3x.png in Resources */ = {isa = PBXBuildFile; fileRef = 779F4AA81BE5DFCB004ADCFC /* shr@3x.png */; };
		779F4AB81BE5DFCB004ADCFC /* tzr@3x.png in Resources */ = {isa = PBXBuildFile; fileRef = 779F4AAA1BE5DFCB004ADCFC /* tzr@3x.png */; };
		779F4ABA1BE5DFCB004ADCFC /* xm@3x.png in Resources */ = {isa = PBXBuildFile; fileRef = 779F4AAC1BE5DFCB004ADCFC /* xm@3x.png */; };
		779F4ABB1BE5DFCB004ADCFC /* yx@3x.png in Resources */ = {isa = PBXBuildFile; fileRef = 779F4AAD1BE5DFCB004ADCFC /* yx@3x.png */; };
		779F4ABD1BE5E8E8004ADCFC /* py@2x.png in Resources */ = {isa = PBXBuildFile; fileRef = 779F4ABC1BE5E8E8004ADCFC /* py@2x.png */; };
		77C2838B1BE26CC8005835FD /* 5@2x.png in Resources */ = {isa = PBXBuildFile; fileRef = 77C283761BE26CC8005835FD /* 5@2x.png */; };
		77C2838D1BE26CC8005835FD /* dxs@2x.png in Resources */ = {isa = PBXBuildFile; fileRef = 77C283781BE26CC8005835FD /* dxs@2x.png */; };
		77C2838E1BE26CC8005835FD /* geng@2x.png in Resources */ = {isa = PBXBuildFile; fileRef = 77C283791BE26CC8005835FD /* geng@2x.png */; };
		77C2838F1BE26CC8005835FD /* hhr@2x.png in Resources */ = {isa = PBXBuildFile; fileRef = 77C2837A1BE26CC8005835FD /* hhr@2x.png */; };
		77C283931BE26CC8005835FD /* shqn@2x.png in Resources */ = {isa = PBXBuildFile; fileRef = 77C2837E1BE26CC8005835FD /* shqn@2x.png */; };
		77C283941BE26CC8005835FD /* shr@2x.png in Resources */ = {isa = PBXBuildFile; fileRef = 77C2837F1BE26CC8005835FD /* shr@2x.png */; };
		77C283961BE26CC8005835FD /* tou@2x.png in Resources */ = {isa = PBXBuildFile; fileRef = 77C283811BE26CC8005835FD /* tou@2x.png */; };
		77C283971BE26CC8005835FD /* tzr@2x.png in Resources */ = {isa = PBXBuildFile; fileRef = 77C283821BE26CC8005835FD /* tzr@2x.png */; };
		77C283981BE26CC8005835FD /* w-d-x-m@2x.png in Resources */ = {isa = PBXBuildFile; fileRef = 77C283831BE26CC8005835FD /* w-d-x-m@2x.png */; };
		77C283991BE26CC8005835FD /* w-d-xm@2x.png in Resources */ = {isa = PBXBuildFile; fileRef = 77C283841BE26CC8005835FD /* w-d-xm@2x.png */; };
		77C2839B1BE26CC8005835FD /* xm@2x.png in Resources */ = {isa = PBXBuildFile; fileRef = 77C283861BE26CC8005835FD /* xm@2x.png */; };
		77C2839D1BE26CC8005835FD /* yx@2x.png in Resources */ = {isa = PBXBuildFile; fileRef = 77C283881BE26CC8005835FD /* yx@2x.png */; };
		77C2839E1BE26CC8005835FD /* zlsh@2x.png in Resources */ = {isa = PBXBuildFile; fileRef = 77C283891BE26CC8005835FD /* zlsh@2x.png */; };
		77D484A21BDC906A002B66B0 /* YWUserModel.m in Sources */ = {isa = PBXBuildFile; fileRef = 77D484A11BDC906A002B66B0 /* YWUserModel.m */; };
		77D484A51BDCA1F7002B66B0 /* YWLoginHeadView.m in Sources */ = {isa = PBXBuildFile; fileRef = 77D484A41BDCA1F7002B66B0 /* YWLoginHeadView.m */; };
		77D484AA1BDCAA4E002B66B0 /* YWCateView.m in Sources */ = {isa = PBXBuildFile; fileRef = 77D484A91BDCAA4E002B66B0 /* YWCateView.m */; };
		77D484AD1BDCE45E002B66B0 /* YWMyFirstTableViewCell.m in Sources */ = {isa = PBXBuildFile; fileRef = 77D484AC1BDCE45E002B66B0 /* YWMyFirstTableViewCell.m */; };
		77D484B01BDCE472002B66B0 /* YWMySecondTableViewCell.m in Sources */ = {isa = PBXBuildFile; fileRef = 77D484AF1BDCE472002B66B0 /* YWMySecondTableViewCell.m */; };
		77D494691BDC6B210062EBAA /* YWAdvertistView.m in Sources */ = {isa = PBXBuildFile; fileRef = 77D494681BDC6B210062EBAA /* YWAdvertistView.m */; };
		77D4946E1BDC76980062EBAA /* YWMovieTableViewCell.m in Sources */ = {isa = PBXBuildFile; fileRef = 77D4946D1BDC76980062EBAA /* YWMovieTableViewCell.m */; };
		77D494711BDC796D0062EBAA /* YWMovieModel.m in Sources */ = {isa = PBXBuildFile; fileRef = 77D494701BDC796D0062EBAA /* YWMovieModel.m */; };
		77D494741BDC7CA70062EBAA /* YWAdvertistModel.m in Sources */ = {isa = PBXBuildFile; fileRef = 77D494731BDC7CA70062EBAA /* YWAdvertistModel.m */; };
		77D494771BDC80CF0062EBAA /* YWConsultTableViewCell.m in Sources */ = {isa = PBXBuildFile; fileRef = 77D494761BDC80CF0062EBAA /* YWConsultTableViewCell.m */; };
		77D4947A1BDC80DF0062EBAA /* YWConsultModel.m in Sources */ = {isa = PBXBuildFile; fileRef = 77D494791BDC80DF0062EBAA /* YWConsultModel.m */; };
		77D9BF741BE23F31003E91A1 /* fs@2x.png in Resources */ = {isa = PBXBuildFile; fileRef = 77D9BF561BE23F31003E91A1 /* fs@2x.png */; };
		77D9BF751BE23F31003E91A1 /* fs@3x.png in Resources */ = {isa = PBXBuildFile; fileRef = 77D9BF571BE23F31003E91A1 /* fs@3x.png */; };
		77D9BF761BE23F31003E91A1 /* fz@2x.png in Resources */ = {isa = PBXBuildFile; fileRef = 77D9BF581BE23F31003E91A1 /* fz@2x.png */; };
		77D9BF771BE23F31003E91A1 /* fz@3x.png in Resources */ = {isa = PBXBuildFile; fileRef = 77D9BF591BE23F31003E91A1 /* fz@3x.png */; };
		77D9BF781BE23F31003E91A1 /* gd@2x.png in Resources */ = {isa = PBXBuildFile; fileRef = 77D9BF5A1BE23F31003E91A1 /* gd@2x.png */; };
		77D9BF791BE23F31003E91A1 /* gd@3x.png in Resources */ = {isa = PBXBuildFile; fileRef = 77D9BF5B1BE23F31003E91A1 /* gd@3x.png */; };
		77D9BF7A1BE23F31003E91A1 /* gz@2x.png in Resources */ = {isa = PBXBuildFile; fileRef = 77D9BF5C1BE23F31003E91A1 /* gz@2x.png */; };
		77D9BF7B1BE23F31003E91A1 /* gz@3x.png in Resources */ = {isa = PBXBuildFile; fileRef = 77D9BF5D1BE23F31003E91A1 /* gz@3x.png */; };
		77D9BF7C1BE23F31003E91A1 /* home_normal@2x.png in Resources */ = {isa = PBXBuildFile; fileRef = 77D9BF5E1BE23F31003E91A1 /* home_normal@2x.png */; };
		77D9BF7D1BE23F31003E91A1 /* home_normal@3x.png in Resources */ = {isa = PBXBuildFile; fileRef = 77D9BF5F1BE23F31003E91A1 /* home_normal@3x.png */; };
		77D9BF861BE23F31003E91A1 /* jf@2x.png in Resources */ = {isa = PBXBuildFile; fileRef = 77D9BF681BE23F31003E91A1 /* jf@2x.png */; };
		77D9BF871BE23F31003E91A1 /* jf@3x.png in Resources */ = {isa = PBXBuildFile; fileRef = 77D9BF691BE23F31003E91A1 /* jf@3x.png */; };
		77D9BF881BE23F31003E91A1 /* light_normal@2x.png in Resources */ = {isa = PBXBuildFile; fileRef = 77D9BF6A1BE23F31003E91A1 /* light_normal@2x.png */; };
		77D9BF891BE23F31003E91A1 /* light_normal@3x.png in Resources */ = {isa = PBXBuildFile; fileRef = 77D9BF6B1BE23F31003E91A1 /* light_normal@3x.png */; };
		77D9BF8A1BE23F31003E91A1 /* message_normal@2x.png in Resources */ = {isa = PBXBuildFile; fileRef = 77D9BF6C1BE23F31003E91A1 /* message_normal@2x.png */; };
		77D9BF8B1BE23F31003E91A1 /* message_normal@3x.png in Resources */ = {isa = PBXBuildFile; fileRef = 77D9BF6D1BE23F31003E91A1 /* message_normal@3x.png */; };
		77D9BF8C1BE23F31003E91A1 /* sc@2x.png in Resources */ = {isa = PBXBuildFile; fileRef = 77D9BF6E1BE23F31003E91A1 /* sc@2x.png */; };
		77D9BF8D1BE23F31003E91A1 /* sc@3x.png in Resources */ = {isa = PBXBuildFile; fileRef = 77D9BF6F1BE23F31003E91A1 /* sc@3x.png */; };
		77D9BF8E1BE23F31003E91A1 /* user_normal@2x.png in Resources */ = {isa = PBXBuildFile; fileRef = 77D9BF701BE23F31003E91A1 /* user_normal@2x.png */; };
		77D9BF8F1BE23F31003E91A1 /* user_normal@3x.png in Resources */ = {isa = PBXBuildFile; fileRef = 77D9BF711BE23F31003E91A1 /* user_normal@3x.png */; };
		77D9BF901BE23F31003E91A1 /* xx@2x.png in Resources */ = {isa = PBXBuildFile; fileRef = 77D9BF721BE23F31003E91A1 /* xx@2x.png */; };
		77D9BF911BE23F31003E91A1 /* xx@3x.png in Resources */ = {isa = PBXBuildFile; fileRef = 77D9BF731BE23F31003E91A1 /* xx@3x.png */; };
		77D9BF991BE243F7003E91A1 /* home_select@2x.png in Resources */ = {isa = PBXBuildFile; fileRef = 77D9BF921BE243F7003E91A1 /* home_select@2x.png */; };
		77D9BF9A1BE243F7003E91A1 /* home_select@3x.png in Resources */ = {isa = PBXBuildFile; fileRef = 77D9BF931BE243F7003E91A1 /* home_select@3x.png */; };
		77D9BF9B1BE243F7003E91A1 /* light_select@2x.png in Resources */ = {isa = PBXBuildFile; fileRef = 77D9BF941BE243F7003E91A1 /* light_select@2x.png */; };
		77D9BF9C1BE243F7003E91A1 /* light_select@3x.png in Resources */ = {isa = PBXBuildFile; fileRef = 77D9BF951BE243F7003E91A1 /* light_select@3x.png */; };
		77D9BF9D1BE243F7003E91A1 /* message_select@2x.png in Resources */ = {isa = PBXBuildFile; fileRef = 77D9BF961BE243F7003E91A1 /* message_select@2x.png */; };
		77D9BF9E1BE243F7003E91A1 /* message_select@3x.png in Resources */ = {isa = PBXBuildFile; fileRef = 77D9BF971BE243F7003E91A1 /* message_select@3x.png */; };
/* End PBXBuildFile section */

/* Begin PBXContainerItemProxy section */
		779E08341BDBD87A007ED052 /* PBXContainerItemProxy */ = {
			isa = PBXContainerItemProxy;
			containerPortal = 779E08121BDBD87A007ED052 /* Project object */;
			proxyType = 1;
			remoteGlobalIDString = 779E08191BDBD87A007ED052;
			remoteInfo = ChongYipStreet;
		};
		779E083F1BDBD87A007ED052 /* PBXContainerItemProxy */ = {
			isa = PBXContainerItemProxy;
			containerPortal = 779E08121BDBD87A007ED052 /* Project object */;
			proxyType = 1;
			remoteGlobalIDString = 779E08191BDBD87A007ED052;
			remoteInfo = ChongYipStreet;
		};
/* End PBXContainerItemProxy section */

/* Begin PBXFileReference section */
		14C8AA012C5EA4D29EA8DCF4 /* Pods.debug.xcconfig */ = {isa = PBXFileReference; includeInIndex = 1; lastKnownFileType = text.xcconfig; name = Pods.debug.xcconfig; path = "Pods/Target Support Files/Pods/Pods.debug.xcconfig"; sourceTree = "<group>"; };
		2B008C26A0DC6A7E1AB33E83 /* libPods.a */ = {isa = PBXFileReference; explicitFileType = archive.ar; includeInIndex = 0; path = libPods.a; sourceTree = BUILT_PRODUCTS_DIR; };
		56F2005F1BE8302400E904B0 /* cash@2x.png */ = {isa = PBXFileReference; lastKnownFileType = image.png; path = "cash@2x.png"; sourceTree = "<group>"; };
		56F200601BE8302400E904B0 /* human_nums@2x.png */ = {isa = PBXFileReference; lastKnownFileType = image.png; path = "human_nums@2x.png"; sourceTree = "<group>"; };
		56F200611BE8302400E904B0 /* look@2x.png */ = {isa = PBXFileReference; lastKnownFileType = image.png; path = "look@2x.png"; sourceTree = "<group>"; };
		56F200621BE8302400E904B0 /* look_cash@2x.png */ = {isa = PBXFileReference; lastKnownFileType = image.png; path = "look_cash@2x.png"; sourceTree = "<group>"; };
		56F200631BE8302400E904B0 /* look_team@2x.png */ = {isa = PBXFileReference; lastKnownFileType = image.png; path = "look_team@2x.png"; sourceTree = "<group>"; };
		56F200641BE8302400E904B0 /* my_method@2x.png */ = {isa = PBXFileReference; lastKnownFileType = image.png; path = "my_method@2x.png"; sourceTree = "<group>"; };
		56F200651BE8302400E904B0 /* my_project@2x.png */ = {isa = PBXFileReference; lastKnownFileType = image.png; path = "my_project@2x.png"; sourceTree = "<group>"; };
		56F200661BE8302400E904B0 /* my_work@2x.png */ = {isa = PBXFileReference; lastKnownFileType = image.png; path = "my_work@2x.png"; sourceTree = "<group>"; };
		56F200671BE8302400E904B0 /* relation_data@2x.png */ = {isa = PBXFileReference; lastKnownFileType = image.png; path = "relation_data@2x.png"; sourceTree = "<group>"; };
		56F200681BE8302400E904B0 /* relation_post@2x.png */ = {isa = PBXFileReference; lastKnownFileType = image.png; path = "relation_post@2x.png"; sourceTree = "<group>"; };
		56F200691BE8302400E904B0 /* relation_project@2x.png */ = {isa = PBXFileReference; lastKnownFileType = image.png; path = "relation_project@2x.png"; sourceTree = "<group>"; };
		56F2006A1BE8302400E904B0 /* right_arrows@2x.png */ = {isa = PBXFileReference; lastKnownFileType = image.png; path = "right_arrows@2x.png"; sourceTree = "<group>"; };
		56F2006B1BE8302400E904B0 /* study@2x.png */ = {isa = PBXFileReference; lastKnownFileType = image.png; path = "study@2x.png"; sourceTree = "<group>"; };
		56F2006C1BE8302400E904B0 /* team@2x.png */ = {isa = PBXFileReference; lastKnownFileType = image.png; path = "team@2x.png"; sourceTree = "<group>"; };
		56F2006D1BE8302400E904B0 /* type@2x.png */ = {isa = PBXFileReference; lastKnownFileType = image.png; path = "type@2x.png"; sourceTree = "<group>"; };
		56F2006E1BE8302400E904B0 /* work_history@2x.png */ = {isa = PBXFileReference; lastKnownFileType = image.png; path = "work_history@2x.png"; sourceTree = "<group>"; };
		56F200701BE8302400E904B0 /* cash@3x.png */ = {isa = PBXFileReference; lastKnownFileType = image.png; name = "cash@3x.png"; path = "../project_2_3/cash@3x.png"; sourceTree = "<group>"; };
		56F200711BE8302400E904B0 /* human_nums@3x.png */ = {isa = PBXFileReference; lastKnownFileType = image.png; name = "human_nums@3x.png"; path = "../project_2_3/human_nums@3x.png"; sourceTree = "<group>"; };
		56F200721BE8302400E904B0 /* look@3x.png */ = {isa = PBXFileReference; lastKnownFileType = image.png; name = "look@3x.png"; path = "../project_2_3/look@3x.png"; sourceTree = "<group>"; };
		56F200731BE8302400E904B0 /* look_cash@3x.png */ = {isa = PBXFileReference; lastKnownFileType = image.png; name = "look_cash@3x.png"; path = "../project_2_3/look_cash@3x.png"; sourceTree = "<group>"; };
		56F200741BE8302400E904B0 /* look_team@3x.png */ = {isa = PBXFileReference; lastKnownFileType = image.png; name = "look_team@3x.png"; path = "../project_2_3/look_team@3x.png"; sourceTree = "<group>"; };
		56F200751BE8302400E904B0 /* my_method@3x.png */ = {isa = PBXFileReference; lastKnownFileType = image.png; name = "my_method@3x.png"; path = "../project_2_3/my_method@3x.png"; sourceTree = "<group>"; };
		56F200761BE8302400E904B0 /* my_project@3x.png */ = {isa = PBXFileReference; lastKnownFileType = image.png; name = "my_project@3x.png"; path = "../project_2_3/my_project@3x.png"; sourceTree = "<group>"; };
		56F200771BE8302400E904B0 /* my_work@3x.png */ = {isa = PBXFileReference; lastKnownFileType = image.png; name = "my_work@3x.png"; path = "../project_2_3/my_work@3x.png"; sourceTree = "<group>"; };
		56F200781BE8302400E904B0 /* relation_data@3x.png */ = {isa = PBXFileReference; lastKnownFileType = image.png; name = "relation_data@3x.png"; path = "../project_2_3/relation_data@3x.png"; sourceTree = "<group>"; };
		56F200791BE8302400E904B0 /* relation_post@3x.png */ = {isa = PBXFileReference; lastKnownFileType = image.png; name = "relation_post@3x.png"; path = "../project_2_3/relation_post@3x.png"; sourceTree = "<group>"; };
		56F2007A1BE8302400E904B0 /* relation_project@3x.png */ = {isa = PBXFileReference; lastKnownFileType = image.png; name = "relation_project@3x.png"; path = "../project_2_3/relation_project@3x.png"; sourceTree = "<group>"; };
		56F2007B1BE8302400E904B0 /* right_arrows@3x.png */ = {isa = PBXFileReference; lastKnownFileType = image.png; name = "right_arrows@3x.png"; path = "../project_2_3/right_arrows@3x.png"; sourceTree = "<group>"; };
		56F2007C1BE8302400E904B0 /* study@3x.png */ = {isa = PBXFileReference; lastKnownFileType = image.png; name = "study@3x.png"; path = "../project_2_3/study@3x.png"; sourceTree = "<group>"; };
		56F2007D1BE8302400E904B0 /* team@3x.png */ = {isa = PBXFileReference; lastKnownFileType = image.png; name = "team@3x.png"; path = "../project_2_3/team@3x.png"; sourceTree = "<group>"; };
		56F2007E1BE8302400E904B0 /* type@3x.png */ = {isa = PBXFileReference; lastKnownFileType = image.png; name = "type@3x.png"; path = "../project_2_3/type@3x.png"; sourceTree = "<group>"; };
		56F2007F1BE8302400E904B0 /* work_history@3x.png */ = {isa = PBXFileReference; lastKnownFileType = image.png; name = "work_history@3x.png"; path = "../project_2_3/work_history@3x.png"; sourceTree = "<group>"; };
		56F200A11BE831D200E904B0 /* YWFunctionViewController.h */ = {isa = PBXFileReference; fileEncoding = 4; lastKnownFileType = sourcecode.c.h; path = YWFunctionViewController.h; sourceTree = "<group>"; };
		56F200A21BE831D200E904B0 /* YWFunctionViewController.m */ = {isa = PBXFileReference; fileEncoding = 4; lastKnownFileType = sourcecode.c.objc; path = YWFunctionViewController.m; sourceTree = "<group>"; };
		56F46E241BF16943007D9F43 /* cang@3x.png */ = {isa = PBXFileReference; lastKnownFileType = image.png; path = "cang@3x.png"; sourceTree = "<group>"; };
		56F46E251BF16943007D9F43 /* hu@3x.png */ = {isa = PBXFileReference; lastKnownFileType = image.png; path = "hu@3x.png"; sourceTree = "<group>"; };
		56F46E261BF16943007D9F43 /* human1@3x.png */ = {isa = PBXFileReference; lastKnownFileType = image.png; path = "human1@3x.png"; sourceTree = "<group>"; };
		56F46E271BF16943007D9F43 /* human2@3x.png */ = {isa = PBXFileReference; lastKnownFileType = image.png; path = "human2@3x.png"; sourceTree = "<group>"; };
		56F46E281BF16943007D9F43 /* human3@3x.png */ = {isa = PBXFileReference; lastKnownFileType = image.png; path = "human3@3x.png"; sourceTree = "<group>"; };
		56F46E291BF16943007D9F43 /* human4@3x.png */ = {isa = PBXFileReference; lastKnownFileType = image.png; path = "human4@3x.png"; sourceTree = "<group>"; };
		56F46E2A1BF16943007D9F43 /* nv@3x.png */ = {isa = PBXFileReference; lastKnownFileType = image.png; path = "nv@3x.png"; sourceTree = "<group>"; };
		56F46E2B1BF16943007D9F43 /* sheng@3x.png */ = {isa = PBXFileReference; lastKnownFileType = image.png; path = "sheng@3x.png"; sourceTree = "<group>"; };
		56F46E2C1BF16943007D9F43 /* tao@3x.png */ = {isa = PBXFileReference; lastKnownFileType = image.png; path = "tao@3x.png"; sourceTree = "<group>"; };
		56F46E2D1BF16943007D9F43 /* wei@3x.png */ = {isa = PBXFileReference; lastKnownFileType = image.png; path = "wei@3x.png"; sourceTree = "<group>"; };
		56F46E2E1BF16943007D9F43 /* you@3x.png */ = {isa = PBXFileReference; lastKnownFileType = image.png; path = "you@3x.png"; sourceTree = "<group>"; };
		56F46E3C1BF16C89007D9F43 /* my_medial@3x.png */ = {isa = PBXFileReference; lastKnownFileType = image.png; path = "my_medial@3x.png"; sourceTree = "<group>"; };
		56F46E3D1BF16C89007D9F43 /* my_project@3x.png */ = {isa = PBXFileReference; lastKnownFileType = image.png; path = "my_project@3x.png"; sourceTree = "<group>"; };
		56F46E3E1BF16C89007D9F43 /* my_teizi@3x.png */ = {isa = PBXFileReference; lastKnownFileType = image.png; path = "my_teizi@3x.png"; sourceTree = "<group>"; };
		56F46E421BF16CCB007D9F43 /* right_w@2x.png */ = {isa = PBXFileReference; lastKnownFileType = image.png; path = "right_w@2x.png"; sourceTree = "<group>"; };
		56FC24FD1BF0171900D38512 /* hu@2x.png */ = {isa = PBXFileReference; lastKnownFileType = image.png; path = "hu@2x.png"; sourceTree = "<group>"; };
		56FC253E1BF0183000D38512 /* you@2x.png */ = {isa = PBXFileReference; lastKnownFileType = image.png; path = "you@2x.png"; sourceTree = "<group>"; };
		56FC25401BF0190200D38512 /* nv@2x.png */ = {isa = PBXFileReference; lastKnownFileType = image.png; path = "nv@2x.png"; sourceTree = "<group>"; };
		56FC25441BF0199700D38512 /* sheng@2x.png */ = {isa = PBXFileReference; lastKnownFileType = image.png; path = "sheng@2x.png"; sourceTree = "<group>"; };
		56FC25461BF019DF00D38512 /* tao@2x.png */ = {isa = PBXFileReference; lastKnownFileType = image.png; path = "tao@2x.png"; sourceTree = "<group>"; };
		56FC25481BF01A2D00D38512 /* wei@2x.png */ = {isa = PBXFileReference; lastKnownFileType = image.png; path = "wei@2x.png"; sourceTree = "<group>"; };
		56FC254A1BF01A5300D38512 /* cang@2x.png */ = {isa = PBXFileReference; lastKnownFileType = image.png; path = "cang@2x.png"; sourceTree = "<group>"; };
		56FC254C1BF01AFD00D38512 /* human1@2x.png */ = {isa = PBXFileReference; lastKnownFileType = image.png; path = "human1@2x.png"; sourceTree = "<group>"; };
		56FC254D1BF01AFD00D38512 /* human2@2x.png */ = {isa = PBXFileReference; lastKnownFileType = image.png; path = "human2@2x.png"; sourceTree = "<group>"; };
		56FC254E1BF01AFD00D38512 /* human3@2x.png */ = {isa = PBXFileReference; lastKnownFileType = image.png; path = "human3@2x.png"; sourceTree = "<group>"; };
		56FC254F1BF01AFD00D38512 /* human4@2x.png */ = {isa = PBXFileReference; lastKnownFileType = image.png; path = "human4@2x.png"; sourceTree = "<group>"; };
		56FC25541BF01E3100D38512 /* my_medial@2x.png */ = {isa = PBXFileReference; lastKnownFileType = image.png; path = "my_medial@2x.png"; sourceTree = "<group>"; };
		56FC25551BF01E3100D38512 /* my_project@2x.png */ = {isa = PBXFileReference; lastKnownFileType = image.png; path = "my_project@2x.png"; sourceTree = "<group>"; };
		56FC25561BF01E3100D38512 /* my_teizi@2x.png */ = {isa = PBXFileReference; lastKnownFileType = image.png; path = "my_teizi@2x.png"; sourceTree = "<group>"; };
		56FC255A1BF01F4C00D38512 /* avator.png */ = {isa = PBXFileReference; lastKnownFileType = image.png; path = avator.png; sourceTree = "<group>"; };
		778D925F1BDCE89600D47DB3 /* YWMyFirsrtCollectionViewCell.h */ = {isa = PBXFileReference; fileEncoding = 4; lastKnownFileType = sourcecode.c.h; path = YWMyFirsrtCollectionViewCell.h; sourceTree = "<group>"; };
		778D92601BDCE89600D47DB3 /* YWMyFirsrtCollectionViewCell.m */ = {isa = PBXFileReference; fileEncoding = 4; lastKnownFileType = sourcecode.c.objc; path = YWMyFirsrtCollectionViewCell.m; sourceTree = "<group>"; };
		778D92621BDCFA6A00D47DB3 /* YWMySecondCollectionViewCell.h */ = {isa = PBXFileReference; fileEncoding = 4; lastKnownFileType = sourcecode.c.h; path = YWMySecondCollectionViewCell.h; sourceTree = "<group>"; };
		778D92631BDCFA6A00D47DB3 /* YWMySecondCollectionViewCell.m */ = {isa = PBXFileReference; fileEncoding = 4; lastKnownFileType = sourcecode.c.objc; path = YWMySecondCollectionViewCell.m; sourceTree = "<group>"; };
		778D92651BDCFD8600D47DB3 /* YWHumanCateView.h */ = {isa = PBXFileReference; fileEncoding = 4; lastKnownFileType = sourcecode.c.h; path = YWHumanCateView.h; sourceTree = "<group>"; };
		778D92661BDCFD8600D47DB3 /* YWHumanCateView.m */ = {isa = PBXFileReference; fileEncoding = 4; lastKnownFileType = sourcecode.c.objc; path = YWHumanCateView.m; sourceTree = "<group>"; };
		778D92681BDD035600D47DB3 /* YWSubjectSecondCollectionViewCell.h */ = {isa = PBXFileReference; fileEncoding = 4; lastKnownFileType = sourcecode.c.h; path = YWSubjectSecondCollectionViewCell.h; sourceTree = "<group>"; };
		778D92691BDD035600D47DB3 /* YWSubjectSecondCollectionViewCell.m */ = {isa = PBXFileReference; fileEncoding = 4; lastKnownFileType = sourcecode.c.objc; path = YWSubjectSecondCollectionViewCell.m; sourceTree = "<group>"; };
		778D926B1BDD03E200D47DB3 /* YWSubjectSecondTableViewCell.h */ = {isa = PBXFileReference; fileEncoding = 4; lastKnownFileType = sourcecode.c.h; path = YWSubjectSecondTableViewCell.h; sourceTree = "<group>"; };
		778D926C1BDD03E200D47DB3 /* YWSubjectSecondTableViewCell.m */ = {isa = PBXFileReference; fileEncoding = 4; lastKnownFileType = sourcecode.c.objc; path = YWSubjectSecondTableViewCell.m; sourceTree = "<group>"; };
		778D926F1BDD2F5E00D47DB3 /* YWSubjectDetailViewController.h */ = {isa = PBXFileReference; fileEncoding = 4; lastKnownFileType = sourcecode.c.h; path = YWSubjectDetailViewController.h; sourceTree = "<group>"; };
		778D92701BDD2F5E00D47DB3 /* YWSubjectDetailViewController.m */ = {isa = PBXFileReference; fileEncoding = 4; lastKnownFileType = sourcecode.c.objc; path = YWSubjectDetailViewController.m; sourceTree = "<group>"; };
		779E081A1BDBD87A007ED052 /* ChongYipStreet.app */ = {isa = PBXFileReference; explicitFileType = wrapper.application; includeInIndex = 0; path = ChongYipStreet.app; sourceTree = BUILT_PRODUCTS_DIR; };
		779E081E1BDBD87A007ED052 /* main.m */ = {isa = PBXFileReference; lastKnownFileType = sourcecode.c.objc; path = main.m; sourceTree = "<group>"; };
		779E08201BDBD87A007ED052 /* AppDelegate.h */ = {isa = PBXFileReference; lastKnownFileType = sourcecode.c.h; path = AppDelegate.h; sourceTree = "<group>"; };
		779E08211BDBD87A007ED052 /* AppDelegate.m */ = {isa = PBXFileReference; lastKnownFileType = sourcecode.c.objc; path = AppDelegate.m; sourceTree = "<group>"; };
		779E08291BDBD87A007ED052 /* Assets.xcassets */ = {isa = PBXFileReference; lastKnownFileType = folder.assetcatalog; path = Assets.xcassets; sourceTree = "<group>"; };
		779E082C1BDBD87A007ED052 /* Base */ = {isa = PBXFileReference; lastKnownFileType = file.storyboard; name = Base; path = Base.lproj/LaunchScreen.storyboard; sourceTree = "<group>"; };
		779E082E1BDBD87A007ED052 /* Info.plist */ = {isa = PBXFileReference; lastKnownFileType = text.plist.xml; path = Info.plist; sourceTree = "<group>"; };
		779E08331BDBD87A007ED052 /* ChongYipStreetTests.xctest */ = {isa = PBXFileReference; explicitFileType = wrapper.cfbundle; includeInIndex = 0; path = ChongYipStreetTests.xctest; sourceTree = BUILT_PRODUCTS_DIR; };
		779E08371BDBD87A007ED052 /* ChongYipStreetTests.m */ = {isa = PBXFileReference; lastKnownFileType = sourcecode.c.objc; path = ChongYipStreetTests.m; sourceTree = "<group>"; };
		779E08391BDBD87A007ED052 /* Info.plist */ = {isa = PBXFileReference; lastKnownFileType = text.plist.xml; path = Info.plist; sourceTree = "<group>"; };
		779E083E1BDBD87A007ED052 /* ChongYipStreetUITests.xctest */ = {isa = PBXFileReference; explicitFileType = wrapper.cfbundle; includeInIndex = 0; path = ChongYipStreetUITests.xctest; sourceTree = BUILT_PRODUCTS_DIR; };
		779E08421BDBD87A007ED052 /* ChongYipStreetUITests.m */ = {isa = PBXFileReference; lastKnownFileType = sourcecode.c.objc; path = ChongYipStreetUITests.m; sourceTree = "<group>"; };
		779E08441BDBD87A007ED052 /* Info.plist */ = {isa = PBXFileReference; lastKnownFileType = text.plist.xml; path = Info.plist; sourceTree = "<group>"; };
		779E08601BDBD998007ED052 /* YWCommendViewController.h */ = {isa = PBXFileReference; fileEncoding = 4; lastKnownFileType = sourcecode.c.h; path = YWCommendViewController.h; sourceTree = "<group>"; };
		779E08611BDBD998007ED052 /* YWCommendViewController.m */ = {isa = PBXFileReference; fileEncoding = 4; lastKnownFileType = sourcecode.c.objc; path = YWCommendViewController.m; sourceTree = "<group>"; };
		779E08631BDBD9DA007ED052 /* YWTribuneViewController.h */ = {isa = PBXFileReference; fileEncoding = 4; lastKnownFileType = sourcecode.c.h; path = YWTribuneViewController.h; sourceTree = "<group>"; };
		779E08641BDBD9DA007ED052 /* YWTribuneViewController.m */ = {isa = PBXFileReference; fileEncoding = 4; lastKnownFileType = sourcecode.c.objc; path = YWTribuneViewController.m; sourceTree = "<group>"; };
		779E08661BDBDA13007ED052 /* YWSubjectViewController.h */ = {isa = PBXFileReference; fileEncoding = 4; lastKnownFileType = sourcecode.c.h; path = YWSubjectViewController.h; sourceTree = "<group>"; };
		779E08671BDBDA13007ED052 /* YWSubjectViewController.m */ = {isa = PBXFileReference; fileEncoding = 4; lastKnownFileType = sourcecode.c.objc; path = YWSubjectViewController.m; sourceTree = "<group>"; };
		779E08691BDBDA20007ED052 /* YWMineViewController.h */ = {isa = PBXFileReference; fileEncoding = 4; lastKnownFileType = sourcecode.c.h; path = YWMineViewController.h; sourceTree = "<group>"; };
		779E086A1BDBDA20007ED052 /* YWMineViewController.m */ = {isa = PBXFileReference; fileEncoding = 4; lastKnownFileType = sourcecode.c.objc; path = YWMineViewController.m; sourceTree = "<group>"; };
		779E086D1BDBDB91007ED052 /* YWParser.h */ = {isa = PBXFileReference; fileEncoding = 4; lastKnownFileType = sourcecode.c.h; path = YWParser.h; sourceTree = "<group>"; };
		779E086E1BDBDB91007ED052 /* YWParser.m */ = {isa = PBXFileReference; fileEncoding = 4; lastKnownFileType = sourcecode.c.objc; path = YWParser.m; sourceTree = "<group>"; };
		779E08701BDBDBB3007ED052 /* YWHttpManager.h */ = {isa = PBXFileReference; fileEncoding = 4; lastKnownFileType = sourcecode.c.h; path = YWHttpManager.h; sourceTree = "<group>"; };
		779E08711BDBDBB3007ED052 /* YWHttpManager.m */ = {isa = PBXFileReference; fileEncoding = 4; lastKnownFileType = sourcecode.c.objc; path = YWHttpManager.m; sourceTree = "<group>"; };
		779E08731BDBDBC7007ED052 /* YWDataBaseManager.h */ = {isa = PBXFileReference; fileEncoding = 4; lastKnownFileType = sourcecode.c.h; path = YWDataBaseManager.h; sourceTree = "<group>"; };
		779E08741BDBDBC7007ED052 /* YWDataBaseManager.m */ = {isa = PBXFileReference; fileEncoding = 4; lastKnownFileType = sourcecode.c.objc; path = YWDataBaseManager.m; sourceTree = "<group>"; };
		779E08761BDBE5D5007ED052 /* YWCustomSegView.h */ = {isa = PBXFileReference; fileEncoding = 4; lastKnownFileType = sourcecode.c.h; path = YWCustomSegView.h; sourceTree = "<group>"; };
		779E08771BDBE5D5007ED052 /* YWCustomSegView.m */ = {isa = PBXFileReference; fileEncoding = 4; lastKnownFileType = sourcecode.c.objc; path = YWCustomSegView.m; sourceTree = "<group>"; };
		779F4AA11BE5DFCB004ADCFC /* dxs@3x.png */ = {isa = PBXFileReference; lastKnownFileType = image.png; path = "dxs@3x.png"; sourceTree = "<group>"; };
		779F4AA21BE5DFCB004ADCFC /* geng@3x.png */ = {isa = PBXFileReference; lastKnownFileType = image.png; path = "geng@3x.png"; sourceTree = "<group>"; };
		779F4AA31BE5DFCB004ADCFC /* hhr@3x.png */ = {isa = PBXFileReference; lastKnownFileType = image.png; path = "hhr@3x.png"; sourceTree = "<group>"; };
		779F4AA71BE5DFCB004ADCFC /* shqn@3x.png */ = {isa = PBXFileReference; lastKnownFileType = image.png; path = "shqn@3x.png"; sourceTree = "<group>"; };
		779F4AA81BE5DFCB004ADCFC /* shr@3x.png */ = {isa = PBXFileReference; lastKnownFileType = image.png; path = "shr@3x.png"; sourceTree = "<group>"; };
		779F4AAA1BE5DFCB004ADCFC /* tzr@3x.png */ = {isa = PBXFileReference; lastKnownFileType = image.png; path = "tzr@3x.png"; sourceTree = "<group>"; };
		779F4AAC1BE5DFCB004ADCFC /* xm@3x.png */ = {isa = PBXFileReference; lastKnownFileType = image.png; path = "xm@3x.png"; sourceTree = "<group>"; };
		779F4AAD1BE5DFCB004ADCFC /* yx@3x.png */ = {isa = PBXFileReference; lastKnownFileType = image.png; path = "yx@3x.png"; sourceTree = "<group>"; };
		779F4ABC1BE5E8E8004ADCFC /* py@2x.png */ = {isa = PBXFileReference; lastKnownFileType = image.png; path = "py@2x.png"; sourceTree = "<group>"; };
		77C283761BE26CC8005835FD /* 5@2x.png */ = {isa = PBXFileReference; lastKnownFileType = image.png; name = "5@2x.png"; path = "Resource/5@2x.png"; sourceTree = "<group>"; };
		77C283781BE26CC8005835FD /* dxs@2x.png */ = {isa = PBXFileReference; lastKnownFileType = image.png; name = "dxs@2x.png"; path = "Resource/dxs@2x.png"; sourceTree = "<group>"; };
		77C283791BE26CC8005835FD /* geng@2x.png */ = {isa = PBXFileReference; lastKnownFileType = image.png; name = "geng@2x.png"; path = "Resource/geng@2x.png"; sourceTree = "<group>"; };
		77C2837A1BE26CC8005835FD /* hhr@2x.png */ = {isa = PBXFileReference; lastKnownFileType = image.png; name = "hhr@2x.png"; path = "Resource/hhr@2x.png"; sourceTree = "<group>"; };
		77C2837E1BE26CC8005835FD /* shqn@2x.png */ = {isa = PBXFileReference; lastKnownFileType = image.png; name = "shqn@2x.png"; path = "Resource/shqn@2x.png"; sourceTree = "<group>"; };
		77C2837F1BE26CC8005835FD /* shr@2x.png */ = {isa = PBXFileReference; lastKnownFileType = image.png; name = "shr@2x.png"; path = "Resource/shr@2x.png"; sourceTree = "<group>"; };
		77C283811BE26CC8005835FD /* tou@2x.png */ = {isa = PBXFileReference; lastKnownFileType = image.png; name = "tou@2x.png"; path = "Resource/tou@2x.png"; sourceTree = "<group>"; };
		77C283821BE26CC8005835FD /* tzr@2x.png */ = {isa = PBXFileReference; lastKnownFileType = image.png; name = "tzr@2x.png"; path = "Resource/tzr@2x.png"; sourceTree = "<group>"; };
		77C283831BE26CC8005835FD /* w-d-x-m@2x.png */ = {isa = PBXFileReference; lastKnownFileType = image.png; name = "w-d-x-m@2x.png"; path = "Resource/w-d-x-m@2x.png"; sourceTree = "<group>"; };
		77C283841BE26CC8005835FD /* w-d-xm@2x.png */ = {isa = PBXFileReference; lastKnownFileType = image.png; name = "w-d-xm@2x.png"; path = "Resource/w-d-xm@2x.png"; sourceTree = "<group>"; };
		77C283861BE26CC8005835FD /* xm@2x.png */ = {isa = PBXFileReference; lastKnownFileType = image.png; name = "xm@2x.png"; path = "Resource/xm@2x.png"; sourceTree = "<group>"; };
		77C283881BE26CC8005835FD /* yx@2x.png */ = {isa = PBXFileReference; lastKnownFileType = image.png; name = "yx@2x.png"; path = "Resource/yx@2x.png"; sourceTree = "<group>"; };
		77C283891BE26CC8005835FD /* zlsh@2x.png */ = {isa = PBXFileReference; lastKnownFileType = image.png; name = "zlsh@2x.png"; path = "Resource/zlsh@2x.png"; sourceTree = "<group>"; };
		77D484A01BDC906A002B66B0 /* YWUserModel.h */ = {isa = PBXFileReference; fileEncoding = 4; lastKnownFileType = sourcecode.c.h; path = YWUserModel.h; sourceTree = "<group>"; };
		77D484A11BDC906A002B66B0 /* YWUserModel.m */ = {isa = PBXFileReference; fileEncoding = 4; lastKnownFileType = sourcecode.c.objc; path = YWUserModel.m; sourceTree = "<group>"; };
		77D484A31BDCA1F7002B66B0 /* YWLoginHeadView.h */ = {isa = PBXFileReference; fileEncoding = 4; lastKnownFileType = sourcecode.c.h; path = YWLoginHeadView.h; sourceTree = "<group>"; };
		77D484A41BDCA1F7002B66B0 /* YWLoginHeadView.m */ = {isa = PBXFileReference; fileEncoding = 4; lastKnownFileType = sourcecode.c.objc; path = YWLoginHeadView.m; sourceTree = "<group>"; };
		77D484A81BDCAA4E002B66B0 /* YWCateView.h */ = {isa = PBXFileReference; fileEncoding = 4; lastKnownFileType = sourcecode.c.h; path = YWCateView.h; sourceTree = "<group>"; };
		77D484A91BDCAA4E002B66B0 /* YWCateView.m */ = {isa = PBXFileReference; fileEncoding = 4; lastKnownFileType = sourcecode.c.objc; path = YWCateView.m; sourceTree = "<group>"; };
		77D484AB1BDCE45E002B66B0 /* YWMyFirstTableViewCell.h */ = {isa = PBXFileReference; fileEncoding = 4; lastKnownFileType = sourcecode.c.h; path = YWMyFirstTableViewCell.h; sourceTree = "<group>"; };
		77D484AC1BDCE45E002B66B0 /* YWMyFirstTableViewCell.m */ = {isa = PBXFileReference; fileEncoding = 4; lastKnownFileType = sourcecode.c.objc; path = YWMyFirstTableViewCell.m; sourceTree = "<group>"; };
		77D484AE1BDCE472002B66B0 /* YWMySecondTableViewCell.h */ = {isa = PBXFileReference; fileEncoding = 4; lastKnownFileType = sourcecode.c.h; path = YWMySecondTableViewCell.h; sourceTree = "<group>"; };
		77D484AF1BDCE472002B66B0 /* YWMySecondTableViewCell.m */ = {isa = PBXFileReference; fileEncoding = 4; lastKnownFileType = sourcecode.c.objc; path = YWMySecondTableViewCell.m; sourceTree = "<group>"; };
		77D494671BDC6B210062EBAA /* YWAdvertistView.h */ = {isa = PBXFileReference; fileEncoding = 4; lastKnownFileType = sourcecode.c.h; path = YWAdvertistView.h; sourceTree = "<group>"; };
		77D494681BDC6B210062EBAA /* YWAdvertistView.m */ = {isa = PBXFileReference; fileEncoding = 4; lastKnownFileType = sourcecode.c.objc; path = YWAdvertistView.m; sourceTree = "<group>"; };
		77D4946A1BDC6C5C0062EBAA /* PrefixHeader.pch */ = {isa = PBXFileReference; lastKnownFileType = sourcecode.c.h; name = PrefixHeader.pch; path = /Users/yanwei/Desktop/ChongYipStreet/PrefixHeader.pch; sourceTree = "<absolute>"; };
		77D4946B1BDC6E370062EBAA /* GlobalDefine.h */ = {isa = PBXFileReference; lastKnownFileType = sourcecode.c.h; path = GlobalDefine.h; sourceTree = "<group>"; };
		77D4946C1BDC76980062EBAA /* YWMovieTableViewCell.h */ = {isa = PBXFileReference; fileEncoding = 4; lastKnownFileType = sourcecode.c.h; path = YWMovieTableViewCell.h; sourceTree = "<group>"; };
		77D4946D1BDC76980062EBAA /* YWMovieTableViewCell.m */ = {isa = PBXFileReference; fileEncoding = 4; lastKnownFileType = sourcecode.c.objc; path = YWMovieTableViewCell.m; sourceTree = "<group>"; };
		77D4946F1BDC796D0062EBAA /* YWMovieModel.h */ = {isa = PBXFileReference; fileEncoding = 4; lastKnownFileType = sourcecode.c.h; path = YWMovieModel.h; sourceTree = "<group>"; };
		77D494701BDC796D0062EBAA /* YWMovieModel.m */ = {isa = PBXFileReference; fileEncoding = 4; lastKnownFileType = sourcecode.c.objc; path = YWMovieModel.m; sourceTree = "<group>"; };
		77D494721BDC7CA70062EBAA /* YWAdvertistModel.h */ = {isa = PBXFileReference; fileEncoding = 4; lastKnownFileType = sourcecode.c.h; path = YWAdvertistModel.h; sourceTree = "<group>"; };
		77D494731BDC7CA70062EBAA /* YWAdvertistModel.m */ = {isa = PBXFileReference; fileEncoding = 4; lastKnownFileType = sourcecode.c.objc; path = YWAdvertistModel.m; sourceTree = "<group>"; };
		77D494751BDC80CF0062EBAA /* YWConsultTableViewCell.h */ = {isa = PBXFileReference; fileEncoding = 4; lastKnownFileType = sourcecode.c.h; path = YWConsultTableViewCell.h; sourceTree = "<group>"; };
		77D494761BDC80CF0062EBAA /* YWConsultTableViewCell.m */ = {isa = PBXFileReference; fileEncoding = 4; lastKnownFileType = sourcecode.c.objc; path = YWConsultTableViewCell.m; sourceTree = "<group>"; };
		77D494781BDC80DF0062EBAA /* YWConsultModel.h */ = {isa = PBXFileReference; fileEncoding = 4; lastKnownFileType = sourcecode.c.h; path = YWConsultModel.h; sourceTree = "<group>"; };
		77D494791BDC80DF0062EBAA /* YWConsultModel.m */ = {isa = PBXFileReference; fileEncoding = 4; lastKnownFileType = sourcecode.c.objc; path = YWConsultModel.m; sourceTree = "<group>"; };
		77D9BF561BE23F31003E91A1 /* fs@2x.png */ = {isa = PBXFileReference; lastKnownFileType = image.png; name = "fs@2x.png"; path = "Resource/fs@2x.png"; sourceTree = "<group>"; };
		77D9BF571BE23F31003E91A1 /* fs@3x.png */ = {isa = PBXFileReference; lastKnownFileType = image.png; name = "fs@3x.png"; path = "Resource/fs@3x.png"; sourceTree = "<group>"; };
		77D9BF581BE23F31003E91A1 /* fz@2x.png */ = {isa = PBXFileReference; lastKnownFileType = image.png; name = "fz@2x.png"; path = "Resource/fz@2x.png"; sourceTree = "<group>"; };
		77D9BF591BE23F31003E91A1 /* fz@3x.png */ = {isa = PBXFileReference; lastKnownFileType = image.png; name = "fz@3x.png"; path = "Resource/fz@3x.png"; sourceTree = "<group>"; };
		77D9BF5A1BE23F31003E91A1 /* gd@2x.png */ = {isa = PBXFileReference; lastKnownFileType = image.png; name = "gd@2x.png"; path = "Resource/gd@2x.png"; sourceTree = "<group>"; };
		77D9BF5B1BE23F31003E91A1 /* gd@3x.png */ = {isa = PBXFileReference; lastKnownFileType = image.png; name = "gd@3x.png"; path = "Resource/gd@3x.png"; sourceTree = "<group>"; };
		77D9BF5C1BE23F31003E91A1 /* gz@2x.png */ = {isa = PBXFileReference; lastKnownFileType = image.png; name = "gz@2x.png"; path = "Resource/gz@2x.png"; sourceTree = "<group>"; };
		77D9BF5D1BE23F31003E91A1 /* gz@3x.png */ = {isa = PBXFileReference; lastKnownFileType = image.png; name = "gz@3x.png"; path = "Resource/gz@3x.png"; sourceTree = "<group>"; };
		77D9BF5E1BE23F31003E91A1 /* home_normal@2x.png */ = {isa = PBXFileReference; lastKnownFileType = image.png; name = "home_normal@2x.png"; path = "Resource/home_normal@2x.png"; sourceTree = "<group>"; };
		77D9BF5F1BE23F31003E91A1 /* home_normal@3x.png */ = {isa = PBXFileReference; lastKnownFileType = image.png; name = "home_normal@3x.png"; path = "Resource/home_normal@3x.png"; sourceTree = "<group>"; };
		77D9BF681BE23F31003E91A1 /* jf@2x.png */ = {isa = PBXFileReference; lastKnownFileType = image.png; name = "jf@2x.png"; path = "Resource/jf@2x.png"; sourceTree = "<group>"; };
		77D9BF691BE23F31003E91A1 /* jf@3x.png */ = {isa = PBXFileReference; lastKnownFileType = image.png; name = "jf@3x.png"; path = "Resource/jf@3x.png"; sourceTree = "<group>"; };
		77D9BF6A1BE23F31003E91A1 /* light_normal@2x.png */ = {isa = PBXFileReference; lastKnownFileType = image.png; name = "light_normal@2x.png"; path = "Resource/light_normal@2x.png"; sourceTree = "<group>"; };
		77D9BF6B1BE23F31003E91A1 /* light_normal@3x.png */ = {isa = PBXFileReference; lastKnownFileType = image.png; name = "light_normal@3x.png"; path = "Resource/light_normal@3x.png"; sourceTree = "<group>"; };
		77D9BF6C1BE23F31003E91A1 /* message_normal@2x.png */ = {isa = PBXFileReference; lastKnownFileType = image.png; name = "message_normal@2x.png"; path = "Resource/message_normal@2x.png"; sourceTree = "<group>"; };
		77D9BF6D1BE23F31003E91A1 /* message_normal@3x.png */ = {isa = PBXFileReference; lastKnownFileType = image.png; name = "message_normal@3x.png"; path = "Resource/message_normal@3x.png"; sourceTree = "<group>"; };
		77D9BF6E1BE23F31003E91A1 /* sc@2x.png */ = {isa = PBXFileReference; lastKnownFileType = image.png; name = "sc@2x.png"; path = "Resource/sc@2x.png"; sourceTree = "<group>"; };
		77D9BF6F1BE23F31003E91A1 /* sc@3x.png */ = {isa = PBXFileReference; lastKnownFileType = image.png; name = "sc@3x.png"; path = "Resource/sc@3x.png"; sourceTree = "<group>"; };
		77D9BF701BE23F31003E91A1 /* user_normal@2x.png */ = {isa = PBXFileReference; lastKnownFileType = image.png; name = "user_normal@2x.png"; path = "Resource/user_normal@2x.png"; sourceTree = "<group>"; };
		77D9BF711BE23F31003E91A1 /* user_normal@3x.png */ = {isa = PBXFileReference; lastKnownFileType = image.png; name = "user_normal@3x.png"; path = "Resource/user_normal@3x.png"; sourceTree = "<group>"; };
		77D9BF721BE23F31003E91A1 /* xx@2x.png */ = {isa = PBXFileReference; lastKnownFileType = image.png; name = "xx@2x.png"; path = "Resource/xx@2x.png"; sourceTree = "<group>"; };
		77D9BF731BE23F31003E91A1 /* xx@3x.png */ = {isa = PBXFileReference; lastKnownFileType = image.png; name = "xx@3x.png"; path = "Resource/xx@3x.png"; sourceTree = "<group>"; };
		77D9BF921BE243F7003E91A1 /* home_select@2x.png */ = {isa = PBXFileReference; lastKnownFileType = image.png; name = "home_select@2x.png"; path = "Resource/home_select@2x.png"; sourceTree = "<group>"; };
		77D9BF931BE243F7003E91A1 /* home_select@3x.png */ = {isa = PBXFileReference; lastKnownFileType = image.png; name = "home_select@3x.png"; path = "Resource/home_select@3x.png"; sourceTree = "<group>"; };
		77D9BF941BE243F7003E91A1 /* light_select@2x.png */ = {isa = PBXFileReference; lastKnownFileType = image.png; name = "light_select@2x.png"; path = "Resource/light_select@2x.png"; sourceTree = "<group>"; };
		77D9BF951BE243F7003E91A1 /* light_select@3x.png */ = {isa = PBXFileReference; lastKnownFileType = image.png; name = "light_select@3x.png"; path = "Resource/light_select@3x.png"; sourceTree = "<group>"; };
		77D9BF961BE243F7003E91A1 /* message_select@2x.png */ = {isa = PBXFileReference; lastKnownFileType = image.png; name = "message_select@2x.png"; path = "Resource/message_select@2x.png"; sourceTree = "<group>"; };
		77D9BF971BE243F7003E91A1 /* message_select@3x.png */ = {isa = PBXFileReference; lastKnownFileType = image.png; name = "message_select@3x.png"; path = "Resource/message_select@3x.png"; sourceTree = "<group>"; };
		B6892371C328BF7C5A569656 /* Pods.release.xcconfig */ = {isa = PBXFileReference; includeInIndex = 1; lastKnownFileType = text.xcconfig; name = Pods.release.xcconfig; path = "Pods/Target Support Files/Pods/Pods.release.xcconfig"; sourceTree = "<group>"; };
/* End PBXFileReference section */

/* Begin PBXFrameworksBuildPhase section */
		779E08171BDBD87A007ED052 /* Frameworks */ = {
			isa = PBXFrameworksBuildPhase;
			buildActionMask = 2147483647;
			files = (
				4A10B5CC9EA430874B6E07D3 /* libPods.a in Frameworks */,
			);
			runOnlyForDeploymentPostprocessing = 0;
		};
		779E08301BDBD87A007ED052 /* Frameworks */ = {
			isa = PBXFrameworksBuildPhase;
			buildActionMask = 2147483647;
			files = (
			);
			runOnlyForDeploymentPostprocessing = 0;
		};
		779E083B1BDBD87A007ED052 /* Frameworks */ = {
			isa = PBXFrameworksBuildPhase;
			buildActionMask = 2147483647;
			files = (
			);
			runOnlyForDeploymentPostprocessing = 0;
		};
/* End PBXFrameworksBuildPhase section */

/* Begin PBXGroup section */
		56F2005E1BE8302400E904B0 /* project_2 */ = {
			isa = PBXGroup;
			children = (
				56F2005F1BE8302400E904B0 /* cash@2x.png */,
				56F200701BE8302400E904B0 /* cash@3x.png */,
				56F200641BE8302400E904B0 /* my_method@2x.png */,
				56F200751BE8302400E904B0 /* my_method@3x.png */,
				56F200661BE8302400E904B0 /* my_work@2x.png */,
				56F200771BE8302400E904B0 /* my_work@3x.png */,
				56F200651BE8302400E904B0 /* my_project@2x.png */,
				56F200761BE8302400E904B0 /* my_project@3x.png */,
				56F200671BE8302400E904B0 /* relation_data@2x.png */,
				56F200781BE8302400E904B0 /* relation_data@3x.png */,
				56F200681BE8302400E904B0 /* relation_post@2x.png */,
				56F200791BE8302400E904B0 /* relation_post@3x.png */,
				56F200691BE8302400E904B0 /* relation_project@2x.png */,
				56F2007A1BE8302400E904B0 /* relation_project@3x.png */,
				56F200601BE8302400E904B0 /* human_nums@2x.png */,
				56F200711BE8302400E904B0 /* human_nums@3x.png */,
				56F200611BE8302400E904B0 /* look@2x.png */,
				56F200721BE8302400E904B0 /* look@3x.png */,
				56F200621BE8302400E904B0 /* look_cash@2x.png */,
				56F200731BE8302400E904B0 /* look_cash@3x.png */,
				56F200631BE8302400E904B0 /* look_team@2x.png */,
				56F200741BE8302400E904B0 /* look_team@3x.png */,
				56F2006A1BE8302400E904B0 /* right_arrows@2x.png */,
				56F2007B1BE8302400E904B0 /* right_arrows@3x.png */,
				56F2006B1BE8302400E904B0 /* study@2x.png */,
				56F2007C1BE8302400E904B0 /* study@3x.png */,
				56F2006C1BE8302400E904B0 /* team@2x.png */,
				56F2007D1BE8302400E904B0 /* team@3x.png */,
				56F2006D1BE8302400E904B0 /* type@2x.png */,
				56F2007E1BE8302400E904B0 /* type@3x.png */,
				56F2006E1BE8302400E904B0 /* work_history@2x.png */,
				56F2007F1BE8302400E904B0 /* work_history@3x.png */,
			);
			name = project_2;
			path = project_2_2;
			sourceTree = "<group>";
		};
		56F200A01BE8303500E904B0 /* project_1 */ = {
			isa = PBXGroup;
			children = (
				779F4ABC1BE5E8E8004ADCFC /* py@2x.png */,
				77C283811BE26CC8005835FD /* tou@2x.png */,
				77C283891BE26CC8005835FD /* zlsh@2x.png */,
				77C283821BE26CC8005835FD /* tzr@2x.png */,
				779F4AAA1BE5DFCB004ADCFC /* tzr@3x.png */,
				77C2837A1BE26CC8005835FD /* hhr@2x.png */,
				779F4AA31BE5DFCB004ADCFC /* hhr@3x.png */,
				77C2837E1BE26CC8005835FD /* shqn@2x.png */,
				779F4AA71BE5DFCB004ADCFC /* shqn@3x.png */,
				77C2837F1BE26CC8005835FD /* shr@2x.png */,
				779F4AA81BE5DFCB004ADCFC /* shr@3x.png */,
				56FC253E1BF0183000D38512 /* you@2x.png */,
				56F46E2E1BF16943007D9F43 /* you@3x.png */,
				56FC24FD1BF0171900D38512 /* hu@2x.png */,
				56F46E251BF16943007D9F43 /* hu@3x.png */,
				77C283781BE26CC8005835FD /* dxs@2x.png */,
				779F4AA11BE5DFCB004ADCFC /* dxs@3x.png */,
				77C283791BE26CC8005835FD /* geng@2x.png */,
				779F4AA21BE5DFCB004ADCFC /* geng@3x.png */,
				77C283881BE26CC8005835FD /* yx@2x.png */,
				779F4AAD1BE5DFCB004ADCFC /* yx@3x.png */,
				56FC25541BF01E3100D38512 /* my_medial@2x.png */,
				56F46E3C1BF16C89007D9F43 /* my_medial@3x.png */,
				56FC25551BF01E3100D38512 /* my_project@2x.png */,
				56F46E3D1BF16C89007D9F43 /* my_project@3x.png */,
				56FC25561BF01E3100D38512 /* my_teizi@2x.png */,
				56F46E3E1BF16C89007D9F43 /* my_teizi@3x.png */,
				56FC254C1BF01AFD00D38512 /* human1@2x.png */,
				56F46E261BF16943007D9F43 /* human1@3x.png */,
				56FC254D1BF01AFD00D38512 /* human2@2x.png */,
				56F46E271BF16943007D9F43 /* human2@3x.png */,
				56FC254E1BF01AFD00D38512 /* human3@2x.png */,
				56F46E281BF16943007D9F43 /* human3@3x.png */,
				56FC254F1BF01AFD00D38512 /* human4@2x.png */,
				56F46E291BF16943007D9F43 /* human4@3x.png */,
				56FC254A1BF01A5300D38512 /* cang@2x.png */,
				56F46E241BF16943007D9F43 /* cang@3x.png */,
				56FC25481BF01A2D00D38512 /* wei@2x.png */,
				56F46E2D1BF16943007D9F43 /* wei@3x.png */,
				56FC25461BF019DF00D38512 /* tao@2x.png */,
				56F46E2C1BF16943007D9F43 /* tao@3x.png */,
				56FC25441BF0199700D38512 /* sheng@2x.png */,
				56F46E2B1BF16943007D9F43 /* sheng@3x.png */,
				56FC25401BF0190200D38512 /* nv@2x.png */,
				56F46E2A1BF16943007D9F43 /* nv@3x.png */,
				77C283831BE26CC8005835FD /* w-d-x-m@2x.png */,
				77C283841BE26CC8005835FD /* w-d-xm@2x.png */,
				77C283861BE26CC8005835FD /* xm@2x.png */,
				779F4AAC1BE5DFCB004ADCFC /* xm@3x.png */,
				77D9BF921BE243F7003E91A1 /* home_select@2x.png */,
				77D9BF931BE243F7003E91A1 /* home_select@3x.png */,
				77D9BF941BE243F7003E91A1 /* light_select@2x.png */,
				77D9BF951BE243F7003E91A1 /* light_select@3x.png */,
				77D9BF961BE243F7003E91A1 /* message_select@2x.png */,
				77D9BF971BE243F7003E91A1 /* message_select@3x.png */,
				77D9BF561BE23F31003E91A1 /* fs@2x.png */,
				77D9BF571BE23F31003E91A1 /* fs@3x.png */,
				77D9BF581BE23F31003E91A1 /* fz@2x.png */,
				77D9BF591BE23F31003E91A1 /* fz@3x.png */,
				77D9BF5A1BE23F31003E91A1 /* gd@2x.png */,
				77D9BF5B1BE23F31003E91A1 /* gd@3x.png */,
				77D9BF5C1BE23F31003E91A1 /* gz@2x.png */,
				77D9BF5D1BE23F31003E91A1 /* gz@3x.png */,
				77D9BF5E1BE23F31003E91A1 /* home_normal@2x.png */,
				77D9BF5F1BE23F31003E91A1 /* home_normal@3x.png */,
				77D9BF681BE23F31003E91A1 /* jf@2x.png */,
				77D9BF691BE23F31003E91A1 /* jf@3x.png */,
				77D9BF6A1BE23F31003E91A1 /* light_normal@2x.png */,
				77D9BF6B1BE23F31003E91A1 /* light_normal@3x.png */,
				77D9BF6C1BE23F31003E91A1 /* message_normal@2x.png */,
				77D9BF6D1BE23F31003E91A1 /* message_normal@3x.png */,
				77D9BF6E1BE23F31003E91A1 /* sc@2x.png */,
				77D9BF6F1BE23F31003E91A1 /* sc@3x.png */,
				77D9BF701BE23F31003E91A1 /* user_normal@2x.png */,
				77D9BF711BE23F31003E91A1 /* user_normal@3x.png */,
				77D9BF721BE23F31003E91A1 /* xx@2x.png */,
				77D9BF731BE23F31003E91A1 /* xx@3x.png */,
			);
			name = project_1;
			sourceTree = "<group>";
		};
		778D926E1BDD0F2400D47DB3 /* Resource */ = {
			isa = PBXGroup;
			children = (
				56F46E421BF16CCB007D9F43 /* right_w@2x.png */,
				56FC255A1BF01F4C00D38512 /* avator.png */,
				77C283761BE26CC8005835FD /* 5@2x.png */,
				56F200A01BE8303500E904B0 /* project_1 */,
				56F2005E1BE8302400E904B0 /* project_2 */,
			);
			name = Resource;
			sourceTree = "<group>";
		};
		779E08111BDBD87A007ED052 = {
			isa = PBXGroup;
			children = (
				77D4946B1BDC6E370062EBAA /* GlobalDefine.h */,
				77D4946A1BDC6C5C0062EBAA /* PrefixHeader.pch */,
				779E081C1BDBD87A007ED052 /* ChongYipStreet */,
				779E08361BDBD87A007ED052 /* ChongYipStreetTests */,
				779E08411BDBD87A007ED052 /* ChongYipStreetUITests */,
				779E081B1BDBD87A007ED052 /* Products */,
				D404E7C0CDA94B922B1E0E38 /* Pods */,
				852C6C5BA7FCBDD1D61EC281 /* Frameworks */,
			);
			sourceTree = "<group>";
		};
		779E081B1BDBD87A007ED052 /* Products */ = {
			isa = PBXGroup;
			children = (
				779E081A1BDBD87A007ED052 /* ChongYipStreet.app */,
				779E08331BDBD87A007ED052 /* ChongYipStreetTests.xctest */,
				779E083E1BDBD87A007ED052 /* ChongYipStreetUITests.xctest */,
			);
			name = Products;
			sourceTree = "<group>";
		};
		779E081C1BDBD87A007ED052 /* ChongYipStreet */ = {
			isa = PBXGroup;
			children = (
				778D926E1BDD0F2400D47DB3 /* Resource */,
				779E086C1BDBDB68007ED052 /* Common */,
				779E08531BDBD8D8007ED052 /* 推荐 */,
				779E08521BDBD8D5007ED052 /* 论坛 */,
				779E08511BDBD8D2007ED052 /* 项目 */,
				779E08501BDBD8CF007ED052 /* 我 */,
				779E08201BDBD87A007ED052 /* AppDelegate.h */,
				779E08211BDBD87A007ED052 /* AppDelegate.m */,
				779E08291BDBD87A007ED052 /* Assets.xcassets */,
				779E082B1BDBD87A007ED052 /* LaunchScreen.storyboard */,
				779E082E1BDBD87A007ED052 /* Info.plist */,
				779E081D1BDBD87A007ED052 /* Supporting Files */,
			);
			path = ChongYipStreet;
			sourceTree = "<group>";
		};
		779E081D1BDBD87A007ED052 /* Supporting Files */ = {
			isa = PBXGroup;
			children = (
				779E081E1BDBD87A007ED052 /* main.m */,
			);
			name = "Supporting Files";
			sourceTree = "<group>";
		};
		779E08361BDBD87A007ED052 /* ChongYipStreetTests */ = {
			isa = PBXGroup;
			children = (
				779E08371BDBD87A007ED052 /* ChongYipStreetTests.m */,
				779E08391BDBD87A007ED052 /* Info.plist */,
			);
			path = ChongYipStreetTests;
			sourceTree = "<group>";
		};
		779E08411BDBD87A007ED052 /* ChongYipStreetUITests */ = {
			isa = PBXGroup;
			children = (
				779E08421BDBD87A007ED052 /* ChongYipStreetUITests.m */,
				779E08441BDBD87A007ED052 /* Info.plist */,
			);
			path = ChongYipStreetUITests;
			sourceTree = "<group>";
		};
		779E08501BDBD8CF007ED052 /* 我 */ = {
			isa = PBXGroup;
			children = (
				779E085F1BDBD943007ED052 /* viewController */,
				779E085E1BDBD93F007ED052 /* view */,
				779E085D1BDBD93C007ED052 /* model */,
			);
			name = "我";
			sourceTree = "<group>";
		};
		779E08511BDBD8D2007ED052 /* 项目 */ = {
			isa = PBXGroup;
			children = (
				779E085C1BDBD938007ED052 /* viewController */,
				779E085B1BDBD935007ED052 /* view */,
				779E085A1BDBD932007ED052 /* model */,
			);
			name = "项目";
			sourceTree = "<group>";
		};
		779E08521BDBD8D5007ED052 /* 论坛 */ = {
			isa = PBXGroup;
			children = (
				779E08591BDBD92E007ED052 /* viewController */,
				779E08581BDBD92A007ED052 /* view */,
				779E08571BDBD924007ED052 /* model */,
			);
			name = "论坛";
			sourceTree = "<group>";
		};
		779E08531BDBD8D8007ED052 /* 推荐 */ = {
			isa = PBXGroup;
			children = (
				779E08561BDBD920007ED052 /* viewController */,
				779E08551BDBD91C007ED052 /* view */,
				779E08541BDBD919007ED052 /* model */,
			);
			name = "推荐";
			sourceTree = "<group>";
		};
		779E08541BDBD919007ED052 /* model */ = {
			isa = PBXGroup;
			children = (
				77D494721BDC7CA70062EBAA /* YWAdvertistModel.h */,
				77D494731BDC7CA70062EBAA /* YWAdvertistModel.m */,
				77D4946F1BDC796D0062EBAA /* YWMovieModel.h */,
				77D494701BDC796D0062EBAA /* YWMovieModel.m */,
			);
			name = model;
			sourceTree = "<group>";
		};
		779E08551BDBD91C007ED052 /* view */ = {
			isa = PBXGroup;
			children = (
				779E08761BDBE5D5007ED052 /* YWCustomSegView.h */,
				779E08771BDBE5D5007ED052 /* YWCustomSegView.m */,
				77D494671BDC6B210062EBAA /* YWAdvertistView.h */,
				77D494681BDC6B210062EBAA /* YWAdvertistView.m */,
				77D4946C1BDC76980062EBAA /* YWMovieTableViewCell.h */,
				77D4946D1BDC76980062EBAA /* YWMovieTableViewCell.m */,
			);
			name = view;
			sourceTree = "<group>";
		};
		779E08561BDBD920007ED052 /* viewController */ = {
			isa = PBXGroup;
			children = (
				779E08601BDBD998007ED052 /* YWCommendViewController.h */,
				779E08611BDBD998007ED052 /* YWCommendViewController.m */,
			);
			name = viewController;
			sourceTree = "<group>";
		};
		779E08571BDBD924007ED052 /* model */ = {
			isa = PBXGroup;
			children = (
				77D494781BDC80DF0062EBAA /* YWConsultModel.h */,
				77D494791BDC80DF0062EBAA /* YWConsultModel.m */,
			);
			name = model;
			sourceTree = "<group>";
		};
		779E08581BDBD92A007ED052 /* view */ = {
			isa = PBXGroup;
			children = (
				77D494751BDC80CF0062EBAA /* YWConsultTableViewCell.h */,
				77D494761BDC80CF0062EBAA /* YWConsultTableViewCell.m */,
			);
			name = view;
			sourceTree = "<group>";
		};
		779E08591BDBD92E007ED052 /* viewController */ = {
			isa = PBXGroup;
			children = (
				779E08631BDBD9DA007ED052 /* YWTribuneViewController.h */,
				779E08641BDBD9DA007ED052 /* YWTribuneViewController.m */,
				778D926F1BDD2F5E00D47DB3 /* YWSubjectDetailViewController.h */,
				778D92701BDD2F5E00D47DB3 /* YWSubjectDetailViewController.m */,
			);
			name = viewController;
			sourceTree = "<group>";
		};
		779E085A1BDBD932007ED052 /* model */ = {
			isa = PBXGroup;
			children = (
			);
			name = model;
			sourceTree = "<group>";
		};
		779E085B1BDBD935007ED052 /* view */ = {
			isa = PBXGroup;
			children = (
				778D92651BDCFD8600D47DB3 /* YWHumanCateView.h */,
				778D92661BDCFD8600D47DB3 /* YWHumanCateView.m */,
				778D926B1BDD03E200D47DB3 /* YWSubjectSecondTableViewCell.h */,
				778D926C1BDD03E200D47DB3 /* YWSubjectSecondTableViewCell.m */,
				778D92681BDD035600D47DB3 /* YWSubjectSecondCollectionViewCell.h */,
				778D92691BDD035600D47DB3 /* YWSubjectSecondCollectionViewCell.m */,
			);
			name = view;
			sourceTree = "<group>";
		};
		779E085C1BDBD938007ED052 /* viewController */ = {
			isa = PBXGroup;
			children = (
				779E08661BDBDA13007ED052 /* YWSubjectViewController.h */,
				779E08671BDBDA13007ED052 /* YWSubjectViewController.m */,
				56F200A11BE831D200E904B0 /* YWFunctionViewController.h */,
				56F200A21BE831D200E904B0 /* YWFunctionViewController.m */,
			);
			name = viewController;
			sourceTree = "<group>";
		};
		779E085D1BDBD93C007ED052 /* model */ = {
			isa = PBXGroup;
			children = (
				77D484A01BDC906A002B66B0 /* YWUserModel.h */,
				77D484A11BDC906A002B66B0 /* YWUserModel.m */,
			);
			name = model;
			sourceTree = "<group>";
		};
		779E085E1BDBD93F007ED052 /* view */ = {
			isa = PBXGroup;
			children = (
				77D484A31BDCA1F7002B66B0 /* YWLoginHeadView.h */,
				77D484A41BDCA1F7002B66B0 /* YWLoginHeadView.m */,
				77D484A81BDCAA4E002B66B0 /* YWCateView.h */,
				77D484A91BDCAA4E002B66B0 /* YWCateView.m */,
				77D484AB1BDCE45E002B66B0 /* YWMyFirstTableViewCell.h */,
				77D484AC1BDCE45E002B66B0 /* YWMyFirstTableViewCell.m */,
				77D484AE1BDCE472002B66B0 /* YWMySecondTableViewCell.h */,
				77D484AF1BDCE472002B66B0 /* YWMySecondTableViewCell.m */,
				778D925F1BDCE89600D47DB3 /* YWMyFirsrtCollectionViewCell.h */,
				778D92601BDCE89600D47DB3 /* YWMyFirsrtCollectionViewCell.m */,
				778D92621BDCFA6A00D47DB3 /* YWMySecondCollectionViewCell.h */,
				778D92631BDCFA6A00D47DB3 /* YWMySecondCollectionViewCell.m */,
			);
			name = view;
			sourceTree = "<group>";
		};
		779E085F1BDBD943007ED052 /* viewController */ = {
			isa = PBXGroup;
			children = (
				779E08691BDBDA20007ED052 /* YWMineViewController.h */,
				779E086A1BDBDA20007ED052 /* YWMineViewController.m */,
			);
			name = viewController;
			sourceTree = "<group>";
		};
		779E086C1BDBDB68007ED052 /* Common */ = {
			isa = PBXGroup;
			children = (
				779E086D1BDBDB91007ED052 /* YWParser.h */,
				779E086E1BDBDB91007ED052 /* YWParser.m */,
				779E08701BDBDBB3007ED052 /* YWHttpManager.h */,
				779E08711BDBDBB3007ED052 /* YWHttpManager.m */,
				779E08731BDBDBC7007ED052 /* YWDataBaseManager.h */,
				779E08741BDBDBC7007ED052 /* YWDataBaseManager.m */,
			);
			name = Common;
			sourceTree = "<group>";
		};
		852C6C5BA7FCBDD1D61EC281 /* Frameworks */ = {
			isa = PBXGroup;
			children = (
				2B008C26A0DC6A7E1AB33E83 /* libPods.a */,
			);
			name = Frameworks;
			sourceTree = "<group>";
		};
		D404E7C0CDA94B922B1E0E38 /* Pods */ = {
			isa = PBXGroup;
			children = (
				14C8AA012C5EA4D29EA8DCF4 /* Pods.debug.xcconfig */,
				B6892371C328BF7C5A569656 /* Pods.release.xcconfig */,
			);
			name = Pods;
			sourceTree = "<group>";
		};
/* End PBXGroup section */

/* Begin PBXNativeTarget section */
		779E08191BDBD87A007ED052 /* ChongYipStreet */ = {
			isa = PBXNativeTarget;
			buildConfigurationList = 779E08471BDBD87A007ED052 /* Build configuration list for PBXNativeTarget "ChongYipStreet" */;
			buildPhases = (
				882D7ACD5FED91DC1A180DA5 /* Check Pods Manifest.lock */,
				779E08161BDBD87A007ED052 /* Sources */,
				779E08171BDBD87A007ED052 /* Frameworks */,
				779E08181BDBD87A007ED052 /* Resources */,
				3231688D518F4E99875A6731 /* Copy Pods Resources */,
			);
			buildRules = (
			);
			dependencies = (
			);
			name = ChongYipStreet;
			productName = ChongYipStreet;
			productReference = 779E081A1BDBD87A007ED052 /* ChongYipStreet.app */;
			productType = "com.apple.product-type.application";
		};
		779E08321BDBD87A007ED052 /* ChongYipStreetTests */ = {
			isa = PBXNativeTarget;
			buildConfigurationList = 779E084A1BDBD87A007ED052 /* Build configuration list for PBXNativeTarget "ChongYipStreetTests" */;
			buildPhases = (
				779E082F1BDBD87A007ED052 /* Sources */,
				779E08301BDBD87A007ED052 /* Frameworks */,
				779E08311BDBD87A007ED052 /* Resources */,
			);
			buildRules = (
			);
			dependencies = (
				779E08351BDBD87A007ED052 /* PBXTargetDependency */,
			);
			name = ChongYipStreetTests;
			productName = ChongYipStreetTests;
			productReference = 779E08331BDBD87A007ED052 /* ChongYipStreetTests.xctest */;
			productType = "com.apple.product-type.bundle.unit-test";
		};
		779E083D1BDBD87A007ED052 /* ChongYipStreetUITests */ = {
			isa = PBXNativeTarget;
			buildConfigurationList = 779E084D1BDBD87A007ED052 /* Build configuration list for PBXNativeTarget "ChongYipStreetUITests" */;
			buildPhases = (
				779E083A1BDBD87A007ED052 /* Sources */,
				779E083B1BDBD87A007ED052 /* Frameworks */,
				779E083C1BDBD87A007ED052 /* Resources */,
			);
			buildRules = (
			);
			dependencies = (
				779E08401BDBD87A007ED052 /* PBXTargetDependency */,
			);
			name = ChongYipStreetUITests;
			productName = ChongYipStreetUITests;
			productReference = 779E083E1BDBD87A007ED052 /* ChongYipStreetUITests.xctest */;
			productType = "com.apple.product-type.bundle.ui-testing";
		};
/* End PBXNativeTarget section */

/* Begin PBXProject section */
		779E08121BDBD87A007ED052 /* Project object */ = {
			isa = PBXProject;
			attributes = {
				LastUpgradeCheck = 0710;
				ORGANIZATIONNAME = "颜魏";
				TargetAttributes = {
					779E08191BDBD87A007ED052 = {
						CreatedOnToolsVersion = 7.1;
					};
					779E08321BDBD87A007ED052 = {
						CreatedOnToolsVersion = 7.1;
						TestTargetID = 779E08191BDBD87A007ED052;
					};
					779E083D1BDBD87A007ED052 = {
						CreatedOnToolsVersion = 7.1;
						TestTargetID = 779E08191BDBD87A007ED052;
					};
				};
			};
			buildConfigurationList = 779E08151BDBD87A007ED052 /* Build configuration list for PBXProject "ChongYipStreet" */;
			compatibilityVersion = "Xcode 3.2";
			developmentRegion = English;
			hasScannedForEncodings = 0;
			knownRegions = (
				en,
				Base,
			);
			mainGroup = 779E08111BDBD87A007ED052;
			productRefGroup = 779E081B1BDBD87A007ED052 /* Products */;
			projectDirPath = "";
			projectRoot = "";
			targets = (
				779E08191BDBD87A007ED052 /* ChongYipStreet */,
				779E08321BDBD87A007ED052 /* ChongYipStreetTests */,
				779E083D1BDBD87A007ED052 /* ChongYipStreetUITests */,
			);
		};
/* End PBXProject section */

/* Begin PBXResourcesBuildPhase section */
		779E08181BDBD87A007ED052 /* Resources */ = {
			isa = PBXResourcesBuildPhase;
			buildActionMask = 2147483647;
			files = (
				56FC254B1BF01A5300D38512 /* cang@2x.png in Resources */,
				77C2838E1BE26CC8005835FD /* geng@2x.png in Resources */,
				56F2009E1BE8302400E904B0 /* type@3x.png in Resources */,
				56FC25581BF01E3100D38512 /* my_project@2x.png in Resources */,
				56FC25411BF0190200D38512 /* nv@2x.png in Resources */,
				77D9BF7C1BE23F31003E91A1 /* home_normal@2x.png in Resources */,
				77C283931BE26CC8005835FD /* shqn@2x.png in Resources */,
				56F200801BE8302400E904B0 /* cash@2x.png in Resources */,
				77C2839D1BE26CC8005835FD /* yx@2x.png in Resources */,
				77D9BF751BE23F31003E91A1 /* fs@3x.png in Resources */,
				77C2838B1BE26CC8005835FD /* 5@2x.png in Resources */,
				56FC25571BF01E3100D38512 /* my_medial@2x.png in Resources */,
				77D9BF9A1BE243F7003E91A1 /* home_select@3x.png in Resources */,
				779F4AB51BE5DFCB004ADCFC /* shqn@3x.png in Resources */,
				77D9BF911BE23F31003E91A1 /* xx@3x.png in Resources */,
				56FC25471BF019DF00D38512 /* tao@2x.png in Resources */,
				779F4AB61BE5DFCB004ADCFC /* shr@3x.png in Resources */,
				56FC255B1BF01F4C00D38512 /* avator.png in Resources */,
				56F200851BE8302400E904B0 /* my_method@2x.png in Resources */,
				779F4ABD1BE5E8E8004ADCFC /* py@2x.png in Resources */,
				77D9BF791BE23F31003E91A1 /* gd@3x.png in Resources */,
				56F46E311BF16943007D9F43 /* human1@3x.png in Resources */,
				779F4AB01BE5DFCB004ADCFC /* geng@3x.png in Resources */,
				77D9BF781BE23F31003E91A1 /* gd@2x.png in Resources */,
				56F2008B1BE8302400E904B0 /* right_arrows@2x.png in Resources */,
				56FC25511BF01AFD00D38512 /* human2@2x.png in Resources */,
				56F200921BE8302400E904B0 /* look@3x.png in Resources */,
				56F200951BE8302400E904B0 /* my_method@3x.png in Resources */,
				779F4AAF1BE5DFCB004ADCFC /* dxs@3x.png in Resources */,
				77D9BF771BE23F31003E91A1 /* fz@3x.png in Resources */,
				56F46E321BF16943007D9F43 /* human2@3x.png in Resources */,
				56F200881BE8302400E904B0 /* relation_data@2x.png in Resources */,
				56F46E331BF16943007D9F43 /* human3@3x.png in Resources */,
				56F200821BE8302400E904B0 /* look@2x.png in Resources */,
				56F2009F1BE8302400E904B0 /* work_history@3x.png in Resources */,
				56F46E411BF16C89007D9F43 /* my_teizi@3x.png in Resources */,
				77D9BF9D1BE243F7003E91A1 /* message_select@2x.png in Resources */,
				56F200931BE8302400E904B0 /* look_cash@3x.png in Resources */,
				56F46E371BF16943007D9F43 /* tao@3x.png in Resources */,
				77D9BF8B1BE23F31003E91A1 /* message_normal@3x.png in Resources */,
				56F200831BE8302400E904B0 /* look_cash@2x.png in Resources */,
				56FC25501BF01AFD00D38512 /* human1@2x.png in Resources */,
				56F200841BE8302400E904B0 /* look_team@2x.png in Resources */,
				77D9BF7B1BE23F31003E91A1 /* gz@3x.png in Resources */,
				56FC24FE1BF0171900D38512 /* hu@2x.png in Resources */,
				77C283971BE26CC8005835FD /* tzr@2x.png in Resources */,
				56F200901BE8302400E904B0 /* cash@3x.png in Resources */,
				77D9BF9B1BE243F7003E91A1 /* light_select@2x.png in Resources */,
				56F200981BE8302400E904B0 /* relation_data@3x.png in Resources */,
				77D9BF8D1BE23F31003E91A1 /* sc@3x.png in Resources */,
				56F200971BE8302400E904B0 /* my_work@3x.png in Resources */,
				77D9BF871BE23F31003E91A1 /* jf@3x.png in Resources */,
				56F200991BE8302400E904B0 /* relation_post@3x.png in Resources */,
				77D9BF9E1BE243F7003E91A1 /* message_select@3x.png in Resources */,
				56F2008E1BE8302400E904B0 /* type@2x.png in Resources */,
				77D9BF991BE243F7003E91A1 /* home_select@2x.png in Resources */,
				77D9BF9C1BE243F7003E91A1 /* light_select@3x.png in Resources */,
				77D9BF8C1BE23F31003E91A1 /* sc@2x.png in Resources */,
				56F46E351BF16943007D9F43 /* nv@3x.png in Resources */,
				56F46E341BF16943007D9F43 /* human4@3x.png in Resources */,
				56F200811BE8302400E904B0 /* human_nums@2x.png in Resources */,
				56F46E361BF16943007D9F43 /* sheng@3x.png in Resources */,
				779F4AB81BE5DFCB004ADCFC /* tzr@3x.png in Resources */,
				77D9BF761BE23F31003E91A1 /* fz@2x.png in Resources */,
				77C2838D1BE26CC8005835FD /* dxs@2x.png in Resources */,
				56F2008C1BE8302400E904B0 /* study@2x.png in Resources */,
				779E082D1BDBD87A007ED052 /* LaunchScreen.storyboard in Resources */,
				56FC25531BF01AFD00D38512 /* human4@2x.png in Resources */,
				77D9BF7A1BE23F31003E91A1 /* gz@2x.png in Resources */,
				56F200961BE8302400E904B0 /* my_project@3x.png in Resources */,
				77C2838F1BE26CC8005835FD /* hhr@2x.png in Resources */,
				77C2839B1BE26CC8005835FD /* xm@2x.png in Resources */,
				77C283981BE26CC8005835FD /* w-d-x-m@2x.png in Resources */,
				779F4AB11BE5DFCB004ADCFC /* hhr@3x.png in Resources */,
				56FC25591BF01E3100D38512 /* my_teizi@2x.png in Resources */,
				56F2008D1BE8302400E904B0 /* team@2x.png in Resources */,
				77D9BF881BE23F31003E91A1 /* light_normal@2x.png in Resources */,
				77D9BF8A1BE23F31003E91A1 /* message_normal@2x.png in Resources */,
				56F46E301BF16943007D9F43 /* hu@3x.png in Resources */,
				56F2008A1BE8302400E904B0 /* relation_project@2x.png in Resources */,
				56F46E391BF16943007D9F43 /* you@3x.png in Resources */,
				56F200911BE8302400E904B0 /* human_nums@3x.png in Resources */,
				77D9BF901BE23F31003E91A1 /* xx@2x.png in Resources */,
				77C283941BE26CC8005835FD /* shr@2x.png in Resources */,
				56F46E2F1BF16943007D9F43 /* cang@3x.png in Resources */,
				56FC25491BF01A2D00D38512 /* wei@2x.png in Resources */,
				56F200941BE8302400E904B0 /* look_team@3x.png in Resources */,
				779E082A1BDBD87A007ED052 /* Assets.xcassets in Resources */,
				77D9BF741BE23F31003E91A1 /* fs@2x.png in Resources */,
				77D9BF8E1BE23F31003E91A1 /* user_normal@2x.png in Resources */,
				77C2839E1BE26CC8005835FD /* zlsh@2x.png in Resources */,
				56F46E3F1BF16C89007D9F43 /* my_medial@3x.png in Resources */,
				77D9BF7D1BE23F31003E91A1 /* home_normal@3x.png in Resources */,
				77D9BF861BE23F31003E91A1 /* jf@2x.png in Resources */,
				56F2009A1BE8302400E904B0 /* relation_project@3x.png in Resources */,
				56F200891BE8302400E904B0 /* relation_post@2x.png in Resources */,
				77D9BF8F1BE23F31003E91A1 /* user_normal@3x.png in Resources */,
				77D9BF891BE23F31003E91A1 /* light_normal@3x.png in Resources */,
				56F46E401BF16C89007D9F43 /* my_project@3x.png in Resources */,
				56F2008F1BE8302400E904B0 /* work_history@2x.png in Resources */,
				56F2009B1BE8302400E904B0 /* right_arrows@3x.png in Resources */,
				77C283961BE26CC8005835FD /* tou@2x.png in Resources */,
				56FC25521BF01AFD00D38512 /* human3@2x.png in Resources */,
				56F200861BE8302400E904B0 /* my_project@2x.png in Resources */,
				779F4ABA1BE5DFCB004ADCFC /* xm@3x.png in Resources */,
				779F4ABB1BE5DFCB004ADCFC /* yx@3x.png in Resources */,
				56F46E381BF16943007D9F43 /* wei@3x.png in Resources */,
				56F46E431BF16CCB007D9F43 /* right_w@2x.png in Resources */,
				56F2009C1BE8302400E904B0 /* study@3x.png in Resources */,
				56FC25451BF0199700D38512 /* sheng@2x.png in Resources */,
				77C283991BE26CC8005835FD /* w-d-xm@2x.png in Resources */,
				56F200871BE8302400E904B0 /* my_work@2x.png in Resources */,
				56FC253F1BF0183000D38512 /* you@2x.png in Resources */,
				56F2009D1BE8302400E904B0 /* team@3x.png in Resources */,
			);
			runOnlyForDeploymentPostprocessing = 0;
		};
		779E08311BDBD87A007ED052 /* Resources */ = {
			isa = PBXResourcesBuildPhase;
			buildActionMask = 2147483647;
			files = (
			);
			runOnlyForDeploymentPostprocessing = 0;
		};
		779E083C1BDBD87A007ED052 /* Resources */ = {
			isa = PBXResourcesBuildPhase;
			buildActionMask = 2147483647;
			files = (
			);
			runOnlyForDeploymentPostprocessing = 0;
		};
/* End PBXResourcesBuildPhase section */

/* Begin PBXShellScriptBuildPhase section */
		3231688D518F4E99875A6731 /* Copy Pods Resources */ = {
			isa = PBXShellScriptBuildPhase;
			buildActionMask = 2147483647;
			files = (
			);
			inputPaths = (
			);
			name = "Copy Pods Resources";
			outputPaths = (
			);
			runOnlyForDeploymentPostprocessing = 0;
			shellPath = /bin/sh;
			shellScript = "\"${SRCROOT}/Pods/Target Support Files/Pods/Pods-resources.sh\"\n";
			showEnvVarsInLog = 0;
		};
		882D7ACD5FED91DC1A180DA5 /* Check Pods Manifest.lock */ = {
			isa = PBXShellScriptBuildPhase;
			buildActionMask = 2147483647;
			files = (
			);
			inputPaths = (
			);
			name = "Check Pods Manifest.lock";
			outputPaths = (
			);
			runOnlyForDeploymentPostprocessing = 0;
			shellPath = /bin/sh;
			shellScript = "diff \"${PODS_ROOT}/../Podfile.lock\" \"${PODS_ROOT}/Manifest.lock\" > /dev/null\nif [[ $? != 0 ]] ; then\n    cat << EOM\nerror: The sandbox is not in sync with the Podfile.lock. Run 'pod install' or update your CocoaPods installation.\nEOM\n    exit 1\nfi\n";
			showEnvVarsInLog = 0;
		};
/* End PBXShellScriptBuildPhase section */

/* Begin PBXSourcesBuildPhase section */
		779E08161BDBD87A007ED052 /* Sources */ = {
			isa = PBXSourcesBuildPhase;
			buildActionMask = 2147483647;
			files = (
				77D4946E1BDC76980062EBAA /* YWMovieTableViewCell.m in Sources */,
				779E08651BDBD9DA007ED052 /* YWTribuneViewController.m in Sources */,
				778D92641BDCFA6A00D47DB3 /* YWMySecondCollectionViewCell.m in Sources */,
				779E08751BDBDBC7007ED052 /* YWDataBaseManager.m in Sources */,
				778D92711BDD2F5E00D47DB3 /* YWSubjectDetailViewController.m in Sources */,
				778D926D1BDD03E200D47DB3 /* YWSubjectSecondTableViewCell.m in Sources */,
				778D926A1BDD035600D47DB3 /* YWSubjectSecondCollectionViewCell.m in Sources */,
				77D484B01BDCE472002B66B0 /* YWMySecondTableViewCell.m in Sources */,
				778D92671BDCFD8600D47DB3 /* YWHumanCateView.m in Sources */,
				77D494771BDC80CF0062EBAA /* YWConsultTableViewCell.m in Sources */,
				77D484AD1BDCE45E002B66B0 /* YWMyFirstTableViewCell.m in Sources */,
				77D484A51BDCA1F7002B66B0 /* YWLoginHeadView.m in Sources */,
				77D4947A1BDC80DF0062EBAA /* YWConsultModel.m in Sources */,
				779E08221BDBD87A007ED052 /* AppDelegate.m in Sources */,
				779E081F1BDBD87A007ED052 /* main.m in Sources */,
				779E086B1BDBDA20007ED052 /* YWMineViewController.m in Sources */,
				779E08681BDBDA13007ED052 /* YWSubjectViewController.m in Sources */,
				778D92611BDCE89600D47DB3 /* YWMyFirsrtCollectionViewCell.m in Sources */,
				779E08721BDBDBB3007ED052 /* YWHttpManager.m in Sources */,
				77D494741BDC7CA70062EBAA /* YWAdvertistModel.m in Sources */,
				779E08621BDBD998007ED052 /* YWCommendViewController.m in Sources */,
				779E086F1BDBDB91007ED052 /* YWParser.m in Sources */,
				56F200A31BE831D200E904B0 /* YWFunctionViewController.m in Sources */,
				77D494691BDC6B210062EBAA /* YWAdvertistView.m in Sources */,
				77D484A21BDC906A002B66B0 /* YWUserModel.m in Sources */,
				77D484AA1BDCAA4E002B66B0 /* YWCateView.m in Sources */,
				77D494711BDC796D0062EBAA /* YWMovieModel.m in Sources */,
				779E08781BDBE5D5007ED052 /* YWCustomSegView.m in Sources */,
			);
			runOnlyForDeploymentPostprocessing = 0;
		};
		779E082F1BDBD87A007ED052 /* Sources */ = {
			isa = PBXSourcesBuildPhase;
			buildActionMask = 2147483647;
			files = (
				779E08381BDBD87A007ED052 /* ChongYipStreetTests.m in Sources */,
			);
			runOnlyForDeploymentPostprocessing = 0;
		};
		779E083A1BDBD87A007ED052 /* Sources */ = {
			isa = PBXSourcesBuildPhase;
			buildActionMask = 2147483647;
			files = (
				779E08431BDBD87A007ED052 /* ChongYipStreetUITests.m in Sources */,
			);
			runOnlyForDeploymentPostprocessing = 0;
		};
/* End PBXSourcesBuildPhase section */

/* Begin PBXTargetDependency section */
		779E08351BDBD87A007ED052 /* PBXTargetDependency */ = {
			isa = PBXTargetDependency;
			target = 779E08191BDBD87A007ED052 /* ChongYipStreet */;
			targetProxy = 779E08341BDBD87A007ED052 /* PBXContainerItemProxy */;
		};
		779E08401BDBD87A007ED052 /* PBXTargetDependency */ = {
			isa = PBXTargetDependency;
			target = 779E08191BDBD87A007ED052 /* ChongYipStreet */;
			targetProxy = 779E083F1BDBD87A007ED052 /* PBXContainerItemProxy */;
		};
/* End PBXTargetDependency section */

/* Begin PBXVariantGroup section */
		779E082B1BDBD87A007ED052 /* LaunchScreen.storyboard */ = {
			isa = PBXVariantGroup;
			children = (
				779E082C1BDBD87A007ED052 /* Base */,
			);
			name = LaunchScreen.storyboard;
			sourceTree = "<group>";
		};
/* End PBXVariantGroup section */

/* Begin XCBuildConfiguration section */
		779E08451BDBD87A007ED052 /* Debug */ = {
			isa = XCBuildConfiguration;
			buildSettings = {
				ALWAYS_SEARCH_USER_PATHS = NO;
				CLANG_CXX_LANGUAGE_STANDARD = "gnu++0x";
				CLANG_CXX_LIBRARY = "libc++";
				CLANG_ENABLE_MODULES = YES;
				CLANG_ENABLE_OBJC_ARC = YES;
				CLANG_WARN_BOOL_CONVERSION = YES;
				CLANG_WARN_CONSTANT_CONVERSION = YES;
				CLANG_WARN_DIRECT_OBJC_ISA_USAGE = YES_ERROR;
				CLANG_WARN_EMPTY_BODY = YES;
				CLANG_WARN_ENUM_CONVERSION = YES;
				CLANG_WARN_INT_CONVERSION = YES;
				CLANG_WARN_OBJC_ROOT_CLASS = YES_ERROR;
				CLANG_WARN_UNREACHABLE_CODE = YES;
				CLANG_WARN__DUPLICATE_METHOD_MATCH = YES;
				"CODE_SIGN_IDENTITY[sdk=iphoneos*]" = "iPhone Developer";
				COPY_PHASE_STRIP = NO;
				DEBUG_INFORMATION_FORMAT = dwarf;
				ENABLE_STRICT_OBJC_MSGSEND = YES;
				ENABLE_TESTABILITY = YES;
				GCC_C_LANGUAGE_STANDARD = gnu99;
				GCC_DYNAMIC_NO_PIC = NO;
				GCC_NO_COMMON_BLOCKS = YES;
				GCC_OPTIMIZATION_LEVEL = 0;
				GCC_PREPROCESSOR_DEFINITIONS = (
					"DEBUG=1",
					"$(inherited)",
				);
				GCC_WARN_64_TO_32_BIT_CONVERSION = YES;
				GCC_WARN_ABOUT_RETURN_TYPE = YES_ERROR;
				GCC_WARN_UNDECLARED_SELECTOR = YES;
				GCC_WARN_UNINITIALIZED_AUTOS = YES_AGGRESSIVE;
				GCC_WARN_UNUSED_FUNCTION = YES;
				GCC_WARN_UNUSED_VARIABLE = YES;
				IPHONEOS_DEPLOYMENT_TARGET = 9.1;
				MTL_ENABLE_DEBUG_INFO = YES;
				ONLY_ACTIVE_ARCH = YES;
				SDKROOT = iphoneos;
				TARGETED_DEVICE_FAMILY = "1,2";
			};
			name = Debug;
		};
		779E08461BDBD87A007ED052 /* Release */ = {
			isa = XCBuildConfiguration;
			buildSettings = {
				ALWAYS_SEARCH_USER_PATHS = NO;
				CLANG_CXX_LANGUAGE_STANDARD = "gnu++0x";
				CLANG_CXX_LIBRARY = "libc++";
				CLANG_ENABLE_MODULES = YES;
				CLANG_ENABLE_OBJC_ARC = YES;
				CLANG_WARN_BOOL_CONVERSION = YES;
				CLANG_WARN_CONSTANT_CONVERSION = YES;
				CLANG_WARN_DIRECT_OBJC_ISA_USAGE = YES_ERROR;
				CLANG_WARN_EMPTY_BODY = YES;
				CLANG_WARN_ENUM_CONVERSION = YES;
				CLANG_WARN_INT_CONVERSION = YES;
				CLANG_WARN_OBJC_ROOT_CLASS = YES_ERROR;
				CLANG_WARN_UNREACHABLE_CODE = YES;
				CLANG_WARN__DUPLICATE_METHOD_MATCH = YES;
				"CODE_SIGN_IDENTITY[sdk=iphoneos*]" = "iPhone Developer";
				COPY_PHASE_STRIP = NO;
				DEBUG_INFORMATION_FORMAT = "dwarf-with-dsym";
				ENABLE_NS_ASSERTIONS = NO;
				ENABLE_STRICT_OBJC_MSGSEND = YES;
				GCC_C_LANGUAGE_STANDARD = gnu99;
				GCC_NO_COMMON_BLOCKS = YES;
				GCC_WARN_64_TO_32_BIT_CONVERSION = YES;
				GCC_WARN_ABOUT_RETURN_TYPE = YES_ERROR;
				GCC_WARN_UNDECLARED_SELECTOR = YES;
				GCC_WARN_UNINITIALIZED_AUTOS = YES_AGGRESSIVE;
				GCC_WARN_UNUSED_FUNCTION = YES;
				GCC_WARN_UNUSED_VARIABLE = YES;
				IPHONEOS_DEPLOYMENT_TARGET = 9.1;
				MTL_ENABLE_DEBUG_INFO = NO;
				SDKROOT = iphoneos;
				TARGETED_DEVICE_FAMILY = "1,2";
				VALIDATE_PRODUCT = YES;
			};
			name = Release;
		};
		779E08481BDBD87A007ED052 /* Debug */ = {
			isa = XCBuildConfiguration;
			baseConfigurationReference = 14C8AA012C5EA4D29EA8DCF4 /* Pods.debug.xcconfig */;
			buildSettings = {
				ASSETCATALOG_COMPILER_APPICON_NAME = AppIcon;
				GCC_PREFIX_HEADER = "$(SRCROOT)/PrefixHeader.pch";
				INFOPLIST_FILE = ChongYipStreet/Info.plist;
				IPHONEOS_DEPLOYMENT_TARGET = 7.0;
				LD_RUNPATH_SEARCH_PATHS = "$(inherited) @executable_path/Frameworks";
				PRODUCT_BUNDLE_IDENTIFIER = com.tn.yw.ChongYipStreet;
				PRODUCT_NAME = "$(TARGET_NAME)";
				TARGETED_DEVICE_FAMILY = 1;
			};
			name = Debug;
		};
		779E08491BDBD87A007ED052 /* Release */ = {
			isa = XCBuildConfiguration;
			baseConfigurationReference = B6892371C328BF7C5A569656 /* Pods.release.xcconfig */;
			buildSettings = {
				ASSETCATALOG_COMPILER_APPICON_NAME = AppIcon;
				GCC_PREFIX_HEADER = "$(SRCROOT)/PrefixHeader.pch";
				INFOPLIST_FILE = ChongYipStreet/Info.plist;
				IPHONEOS_DEPLOYMENT_TARGET = 7.0;
				LD_RUNPATH_SEARCH_PATHS = "$(inherited) @executable_path/Frameworks";
				PRODUCT_BUNDLE_IDENTIFIER = com.tn.yw.ChongYipStreet;
				PRODUCT_NAME = "$(TARGET_NAME)";
				TARGETED_DEVICE_FAMILY = 1;
			};
			name = Release;
		};
		779E084B1BDBD87A007ED052 /* Debug */ = {
			isa = XCBuildConfiguration;
			buildSettings = {
				BUNDLE_LOADER = "$(TEST_HOST)";
				INFOPLIST_FILE = ChongYipStreetTests/Info.plist;
				LD_RUNPATH_SEARCH_PATHS = "$(inherited) @executable_path/Frameworks @loader_path/Frameworks";
				PRODUCT_BUNDLE_IDENTIFIER = com.tn.yw.ChongYipStreetTests;
				PRODUCT_NAME = "$(TARGET_NAME)";
				TEST_HOST = "$(BUILT_PRODUCTS_DIR)/ChongYipStreet.app/ChongYipStreet";
			};
			name = Debug;
		};
		779E084C1BDBD87A007ED052 /* Release */ = {
			isa = XCBuildConfiguration;
			buildSettings = {
				BUNDLE_LOADER = "$(TEST_HOST)";
				INFOPLIST_FILE = ChongYipStreetTests/Info.plist;
				LD_RUNPATH_SEARCH_PATHS = "$(inherited) @executable_path/Frameworks @loader_path/Frameworks";
				PRODUCT_BUNDLE_IDENTIFIER = com.tn.yw.ChongYipStreetTests;
				PRODUCT_NAME = "$(TARGET_NAME)";
				TEST_HOST = "$(BUILT_PRODUCTS_DIR)/ChongYipStreet.app/ChongYipStreet";
			};
			name = Release;
		};
		779E084E1BDBD87A007ED052 /* Debug */ = {
			isa = XCBuildConfiguration;
			buildSettings = {
				INFOPLIST_FILE = ChongYipStreetUITests/Info.plist;
				LD_RUNPATH_SEARCH_PATHS = "$(inherited) @executable_path/Frameworks @loader_path/Frameworks";
				PRODUCT_BUNDLE_IDENTIFIER = com.tn.yw.ChongYipStreetUITests;
				PRODUCT_NAME = "$(TARGET_NAME)";
				TEST_TARGET_NAME = ChongYipStreet;
				USES_XCTRUNNER = YES;
			};
			name = Debug;
		};
		779E084F1BDBD87A007ED052 /* Release */ = {
			isa = XCBuildConfiguration;
			buildSettings = {
				INFOPLIST_FILE = ChongYipStreetUITests/Info.plist;
				LD_RUNPATH_SEARCH_PATHS = "$(inherited) @executable_path/Frameworks @loader_path/Frameworks";
				PRODUCT_BUNDLE_IDENTIFIER = com.tn.yw.ChongYipStreetUITests;
				PRODUCT_NAME = "$(TARGET_NAME)";
				TEST_TARGET_NAME = ChongYipStreet;
				USES_XCTRUNNER = YES;
			};
			name = Release;
		};
/* End XCBuildConfiguration section */

/* Begin XCConfigurationList section */
		779E08151BDBD87A007ED052 /* Build configuration list for PBXProject "ChongYipStreet" */ = {
			isa = XCConfigurationList;
			buildConfigurations = (
				779E08451BDBD87A007ED052 /* Debug */,
				779E08461BDBD87A007ED052 /* Release */,
			);
			defaultConfigurationIsVisible = 0;
			defaultConfigurationName = Release;
		};
		779E08471BDBD87A007ED052 /* Build configuration list for PBXNativeTarget "ChongYipStreet" */ = {
			isa = XCConfigurationList;
			buildConfigurations = (
				779E08481BDBD87A007ED052 /* Debug */,
				779E08491BDBD87A007ED052 /* Release */,
			);
			defaultConfigurationIsVisible = 0;
			defaultConfigurationName = Release;
		};
		779E084A1BDBD87A007ED052 /* Build configuration list for PBXNativeTarget "ChongYipStreetTests" */ = {
			isa = XCConfigurationList;
			buildConfigurations = (
				779E084B1BDBD87A007ED052 /* Debug */,
				779E084C1BDBD87A007ED052 /* Release */,
			);
			defaultConfigurationIsVisible = 0;
			defaultConfigurationName = Release;
		};
		779E084D1BDBD87A007ED052 /* Build configuration list for PBXNativeTarget "ChongYipStreetUITests" */ = {
			isa = XCConfigurationList;
			buildConfigurations = (
				779E084E1BDBD87A007ED052 /* Debug */,
				779E084F1BDBD87A007ED052 /* Release */,
			);
			defaultConfigurationIsVisible = 0;
			defaultConfigurationName = Release;
		};
/* End XCConfigurationList section */
	};
	rootObject = 779E08121BDBD87A007ED052 /* Project object */;
}
